// !$*UTF8*$!
{
	archiveVersion = 1;
	classes = {
	};
	objectVersion = 55;
	objects = {

/* Begin PBXBuildFile section */
		DC13CD4D28A6038200E8D722 /* AppDelegate.swift in Sources */ = {isa = PBXBuildFile; fileRef = DC13CD4C28A6038200E8D722 /* AppDelegate.swift */; };
		DC13CD4F28A6038200E8D722 /* SceneDelegate.swift in Sources */ = {isa = PBXBuildFile; fileRef = DC13CD4E28A6038200E8D722 /* SceneDelegate.swift */; };
		DC13CD5128A6038200E8D722 /* ViewController.swift in Sources */ = {isa = PBXBuildFile; fileRef = DC13CD5028A6038200E8D722 /* ViewController.swift */; };
		DC13CD5428A6038200E8D722 /* Main.storyboard in Resources */ = {isa = PBXBuildFile; fileRef = DC13CD5228A6038200E8D722 /* Main.storyboard */; };
		DC13CD5628A6038300E8D722 /* Assets.xcassets in Resources */ = {isa = PBXBuildFile; fileRef = DC13CD5528A6038300E8D722 /* Assets.xcassets */; };
		DC13CD5928A6038300E8D722 /* LaunchScreen.storyboard in Resources */ = {isa = PBXBuildFile; fileRef = DC13CD5728A6038300E8D722 /* LaunchScreen.storyboard */; };
		DC13CD6428A6038300E8D722 /* App_StartTests.swift in Sources */ = {isa = PBXBuildFile; fileRef = DC13CD6328A6038300E8D722 /* App_StartTests.swift */; };
		DC13CD6E28A6038300E8D722 /* App_StartUITests.swift in Sources */ = {isa = PBXBuildFile; fileRef = DC13CD6D28A6038300E8D722 /* App_StartUITests.swift */; };
		DC13CD7028A6038300E8D722 /* App_StartUITestsLaunchTests.swift in Sources */ = {isa = PBXBuildFile; fileRef = DC13CD6F28A6038300E8D722 /* App_StartUITestsLaunchTests.swift */; };
		DC13CD7D28A60E8C00E8D722 /* DetailViewController.swift in Sources */ = {isa = PBXBuildFile; fileRef = DC13CD7C28A60E8C00E8D722 /* DetailViewController.swift */; };
/* End PBXBuildFile section */

/* Begin PBXContainerItemProxy section */
		DC13CD6028A6038300E8D722 /* PBXContainerItemProxy */ = {
			isa = PBXContainerItemProxy;
			containerPortal = DC13CD4128A6038200E8D722 /* Project object */;
			proxyType = 1;
			remoteGlobalIDString = DC13CD4828A6038200E8D722;
			remoteInfo = App_Start;
		};
		DC13CD6A28A6038300E8D722 /* PBXContainerItemProxy */ = {
			isa = PBXContainerItemProxy;
			containerPortal = DC13CD4128A6038200E8D722 /* Project object */;
			proxyType = 1;
			remoteGlobalIDString = DC13CD4828A6038200E8D722;
			remoteInfo = App_Start;
		};
/* End PBXContainerItemProxy section */

/* Begin PBXFileReference section */
		DC13CD4928A6038200E8D722 /* App_Start.app */ = {isa = PBXFileReference; explicitFileType = wrapper.application; includeInIndex = 0; path = App_Start.app; sourceTree = BUILT_PRODUCTS_DIR; };
		DC13CD4C28A6038200E8D722 /* AppDelegate.swift */ = {isa = PBXFileReference; lastKnownFileType = sourcecode.swift; path = AppDelegate.swift; sourceTree = "<group>"; };
		DC13CD4E28A6038200E8D722 /* SceneDelegate.swift */ = {isa = PBXFileReference; lastKnownFileType = sourcecode.swift; path = SceneDelegate.swift; sourceTree = "<group>"; };
		DC13CD5028A6038200E8D722 /* ViewController.swift */ = {isa = PBXFileReference; lastKnownFileType = sourcecode.swift; path = ViewController.swift; sourceTree = "<group>"; };
		DC13CD5328A6038200E8D722 /* Base */ = {isa = PBXFileReference; lastKnownFileType = file.storyboard; name = Base; path = Base.lproj/Main.storyboard; sourceTree = "<group>"; };
		DC13CD5528A6038300E8D722 /* Assets.xcassets */ = {isa = PBXFileReference; lastKnownFileType = folder.assetcatalog; path = Assets.xcassets; sourceTree = "<group>"; };
		DC13CD5828A6038300E8D722 /* Base */ = {isa = PBXFileReference; lastKnownFileType = file.storyboard; name = Base; path = Base.lproj/LaunchScreen.storyboard; sourceTree = "<group>"; };
		DC13CD5A28A6038300E8D722 /* Info.plist */ = {isa = PBXFileReference; lastKnownFileType = text.plist.xml; path = Info.plist; sourceTree = "<group>"; };
		DC13CD5F28A6038300E8D722 /* App_StartTests.xctest */ = {isa = PBXFileReference; explicitFileType = wrapper.cfbundle; includeInIndex = 0; path = App_StartTests.xctest; sourceTree = BUILT_PRODUCTS_DIR; };
		DC13CD6328A6038300E8D722 /* App_StartTests.swift */ = {isa = PBXFileReference; lastKnownFileType = sourcecode.swift; path = App_StartTests.swift; sourceTree = "<group>"; };
		DC13CD6928A6038300E8D722 /* App_StartUITests.xctest */ = {isa = PBXFileReference; explicitFileType = wrapper.cfbundle; includeInIndex = 0; path = App_StartUITests.xctest; sourceTree = BUILT_PRODUCTS_DIR; };
		DC13CD6D28A6038300E8D722 /* App_StartUITests.swift */ = {isa = PBXFileReference; lastKnownFileType = sourcecode.swift; path = App_StartUITests.swift; sourceTree = "<group>"; };
		DC13CD6F28A6038300E8D722 /* App_StartUITestsLaunchTests.swift */ = {isa = PBXFileReference; lastKnownFileType = sourcecode.swift; path = App_StartUITestsLaunchTests.swift; sourceTree = "<group>"; };
		DC13CD7C28A60E8C00E8D722 /* DetailViewController.swift */ = {isa = PBXFileReference; lastKnownFileType = sourcecode.swift; path = DetailViewController.swift; sourceTree = "<group>"; };
/* End PBXFileReference section */

/* Begin PBXFrameworksBuildPhase section */
		DC13CD4628A6038200E8D722 /* Frameworks */ = {
			isa = PBXFrameworksBuildPhase;
			buildActionMask = 2147483647;
			files = (
			);
			runOnlyForDeploymentPostprocessing = 0;
		};
		DC13CD5C28A6038300E8D722 /* Frameworks */ = {
			isa = PBXFrameworksBuildPhase;
			buildActionMask = 2147483647;
			files = (
			);
			runOnlyForDeploymentPostprocessing = 0;
		};
		DC13CD6628A6038300E8D722 /* Frameworks */ = {
			isa = PBXFrameworksBuildPhase;
			buildActionMask = 2147483647;
			files = (
			);
			runOnlyForDeploymentPostprocessing = 0;
		};
/* End PBXFrameworksBuildPhase section */

/* Begin PBXGroup section */
		DC13CD4028A6038200E8D722 = {
			isa = PBXGroup;
			children = (
				DC13CD4B28A6038200E8D722 /* App_Start */,
				DC13CD6228A6038300E8D722 /* App_StartTests */,
				DC13CD6C28A6038300E8D722 /* App_StartUITests */,
				DC13CD4A28A6038200E8D722 /* Products */,
			);
			sourceTree = "<group>";
		};
		DC13CD4A28A6038200E8D722 /* Products */ = {
			isa = PBXGroup;
			children = (
				DC13CD4928A6038200E8D722 /* App_Start.app */,
				DC13CD5F28A6038300E8D722 /* App_StartTests.xctest */,
				DC13CD6928A6038300E8D722 /* App_StartUITests.xctest */,
			);
			name = Products;
			sourceTree = "<group>";
		};
		DC13CD4B28A6038200E8D722 /* App_Start */ = {
			isa = PBXGroup;
			children = (
				DC13CD4C28A6038200E8D722 /* AppDelegate.swift */,
				DC13CD4E28A6038200E8D722 /* SceneDelegate.swift */,
				DC13CD5028A6038200E8D722 /* ViewController.swift */,
				DC13CD7C28A60E8C00E8D722 /* DetailViewController.swift */,
				DC13CD5228A6038200E8D722 /* Main.storyboard */,
				DC13CD5528A6038300E8D722 /* Assets.xcassets */,
				DC13CD5728A6038300E8D722 /* LaunchScreen.storyboard */,
				DC13CD5A28A6038300E8D722 /* Info.plist */,
			);
			path = App_Start;
			sourceTree = "<group>";
		};
		DC13CD6228A6038300E8D722 /* App_StartTests */ = {
			isa = PBXGroup;
			children = (
				DC13CD6328A6038300E8D722 /* App_StartTests.swift */,
			);
			path = App_StartTests;
			sourceTree = "<group>";
		};
		DC13CD6C28A6038300E8D722 /* App_StartUITests */ = {
			isa = PBXGroup;
			children = (
				DC13CD6D28A6038300E8D722 /* App_StartUITests.swift */,
				DC13CD6F28A6038300E8D722 /* App_StartUITestsLaunchTests.swift */,
			);
			path = App_StartUITests;
			sourceTree = "<group>";
		};
/* End PBXGroup section */

/* Begin PBXNativeTarget section */
		DC13CD4828A6038200E8D722 /* App_Start */ = {
			isa = PBXNativeTarget;
			buildConfigurationList = DC13CD7328A6038300E8D722 /* Build configuration list for PBXNativeTarget "App_Start" */;
			buildPhases = (
				DC13CD4528A6038200E8D722 /* Sources */,
				DC13CD4628A6038200E8D722 /* Frameworks */,
				DC13CD4728A6038200E8D722 /* Resources */,
			);
			buildRules = (
			);
			dependencies = (
			);
			name = App_Start;
			productName = App_Start;
			productReference = DC13CD4928A6038200E8D722 /* App_Start.app */;
			productType = "com.apple.product-type.application";
		};
		DC13CD5E28A6038300E8D722 /* App_StartTests */ = {
			isa = PBXNativeTarget;
			buildConfigurationList = DC13CD7628A6038300E8D722 /* Build configuration list for PBXNativeTarget "App_StartTests" */;
			buildPhases = (
				DC13CD5B28A6038300E8D722 /* Sources */,
				DC13CD5C28A6038300E8D722 /* Frameworks */,
				DC13CD5D28A6038300E8D722 /* Resources */,
			);
			buildRules = (
			);
			dependencies = (
				DC13CD6128A6038300E8D722 /* PBXTargetDependency */,
			);
			name = App_StartTests;
			productName = App_StartTests;
			productReference = DC13CD5F28A6038300E8D722 /* App_StartTests.xctest */;
			productType = "com.apple.product-type.bundle.unit-test";
		};
		DC13CD6828A6038300E8D722 /* App_StartUITests */ = {
			isa = PBXNativeTarget;
			buildConfigurationList = DC13CD7928A6038300E8D722 /* Build configuration list for PBXNativeTarget "App_StartUITests" */;
			buildPhases = (
				DC13CD6528A6038300E8D722 /* Sources */,
				DC13CD6628A6038300E8D722 /* Frameworks */,
				DC13CD6728A6038300E8D722 /* Resources */,
			);
			buildRules = (
			);
			dependencies = (
				DC13CD6B28A6038300E8D722 /* PBXTargetDependency */,
			);
			name = App_StartUITests;
			productName = App_StartUITests;
			productReference = DC13CD6928A6038300E8D722 /* App_StartUITests.xctest */;
			productType = "com.apple.product-type.bundle.ui-testing";
		};
/* End PBXNativeTarget section */

/* Begin PBXProject section */
		DC13CD4128A6038200E8D722 /* Project object */ = {
			isa = PBXProject;
			attributes = {
				BuildIndependentTargetsInParallel = 1;
				LastSwiftUpdateCheck = 1340;
				LastUpgradeCheck = 1340;
				TargetAttributes = {
					DC13CD4828A6038200E8D722 = {
						CreatedOnToolsVersion = 13.4.1;
					};
					DC13CD5E28A6038300E8D722 = {
						CreatedOnToolsVersion = 13.4.1;
						TestTargetID = DC13CD4828A6038200E8D722;
					};
					DC13CD6828A6038300E8D722 = {
						CreatedOnToolsVersion = 13.4.1;
						TestTargetID = DC13CD4828A6038200E8D722;
					};
				};
			};
			buildConfigurationList = DC13CD4428A6038200E8D722 /* Build configuration list for PBXProject "App_Start" */;
			compatibilityVersion = "Xcode 13.0";
			developmentRegion = en;
			hasScannedForEncodings = 0;
			knownRegions = (
				en,
				Base,
			);
			mainGroup = DC13CD4028A6038200E8D722;
			productRefGroup = DC13CD4A28A6038200E8D722 /* Products */;
			projectDirPath = "";
			projectRoot = "";
			targets = (
				DC13CD4828A6038200E8D722 /* App_Start */,
				DC13CD5E28A6038300E8D722 /* App_StartTests */,
				DC13CD6828A6038300E8D722 /* App_StartUITests */,
			);
		};
/* End PBXProject section */

/* Begin PBXResourcesBuildPhase section */
		DC13CD4728A6038200E8D722 /* Resources */ = {
			isa = PBXResourcesBuildPhase;
			buildActionMask = 2147483647;
			files = (
				DC13CD5928A6038300E8D722 /* LaunchScreen.storyboard in Resources */,
				DC13CD5628A6038300E8D722 /* Assets.xcassets in Resources */,
				DC13CD5428A6038200E8D722 /* Main.storyboard in Resources */,
			);
			runOnlyForDeploymentPostprocessing = 0;
		};
		DC13CD5D28A6038300E8D722 /* Resources */ = {
			isa = PBXResourcesBuildPhase;
			buildActionMask = 2147483647;
			files = (
			);
			runOnlyForDeploymentPostprocessing = 0;
		};
		DC13CD6728A6038300E8D722 /* Resources */ = {
			isa = PBXResourcesBuildPhase;
			buildActionMask = 2147483647;
			files = (
			);
			runOnlyForDeploymentPostprocessing = 0;
		};
/* End PBXResourcesBuildPhase section */

/* Begin PBXSourcesBuildPhase section */
		DC13CD4528A6038200E8D722 /* Sources */ = {
			isa = PBXSourcesBuildPhase;
			buildActionMask = 2147483647;
			files = (
				DC13CD5128A6038200E8D722 /* ViewController.swift in Sources */,
				DC13CD4D28A6038200E8D722 /* AppDelegate.swift in Sources */,
				DC13CD4F28A6038200E8D722 /* SceneDelegate.swift in Sources */,
				DC13CD7D28A60E8C00E8D722 /* DetailViewController.swift in Sources */,
			);
			runOnlyForDeploymentPostprocessing = 0;
		};
		DC13CD5B28A6038300E8D722 /* Sources */ = {
			isa = PBXSourcesBuildPhase;
			buildActionMask = 2147483647;
			files = (
				DC13CD6428A6038300E8D722 /* App_StartTests.swift in Sources */,
			);
			runOnlyForDeploymentPostprocessing = 0;
		};
		DC13CD6528A6038300E8D722 /* Sources */ = {
			isa = PBXSourcesBuildPhase;
			buildActionMask = 2147483647;
			files = (
				DC13CD6E28A6038300E8D722 /* App_StartUITests.swift in Sources */,
				DC13CD7028A6038300E8D722 /* App_StartUITestsLaunchTests.swift in Sources */,
			);
			runOnlyForDeploymentPostprocessing = 0;
		};
/* End PBXSourcesBuildPhase section */

/* Begin PBXTargetDependency section */
		DC13CD6128A6038300E8D722 /* PBXTargetDependency */ = {
			isa = PBXTargetDependency;
			target = DC13CD4828A6038200E8D722 /* App_Start */;
			targetProxy = DC13CD6028A6038300E8D722 /* PBXContainerItemProxy */;
		};
		DC13CD6B28A6038300E8D722 /* PBXTargetDependency */ = {
			isa = PBXTargetDependency;
			target = DC13CD4828A6038200E8D722 /* App_Start */;
			targetProxy = DC13CD6A28A6038300E8D722 /* PBXContainerItemProxy */;
		};
/* End PBXTargetDependency section */

/* Begin PBXVariantGroup section */
		DC13CD5228A6038200E8D722 /* Main.storyboard */ = {
			isa = PBXVariantGroup;
			children = (
				DC13CD5328A6038200E8D722 /* Base */,
			);
			name = Main.storyboard;
			sourceTree = "<group>";
		};
		DC13CD5728A6038300E8D722 /* LaunchScreen.storyboard */ = {
			isa = PBXVariantGroup;
			children = (
				DC13CD5828A6038300E8D722 /* Base */,
			);
			name = LaunchScreen.storyboard;
			sourceTree = "<group>";
		};
/* End PBXVariantGroup section */

/* Begin XCBuildConfiguration section */
		DC13CD7128A6038300E8D722 /* Debug */ = {
			isa = XCBuildConfiguration;
			buildSettings = {
				ALWAYS_SEARCH_USER_PATHS = NO;
				CLANG_ANALYZER_NONNULL = YES;
				CLANG_ANALYZER_NUMBER_OBJECT_CONVERSION = YES_AGGRESSIVE;
				CLANG_CXX_LANGUAGE_STANDARD = "gnu++17";
				CLANG_ENABLE_MODULES = YES;
				CLANG_ENABLE_OBJC_ARC = YES;
				CLANG_ENABLE_OBJC_WEAK = YES;
				CLANG_WARN_BLOCK_CAPTURE_AUTORELEASING = YES;
				CLANG_WARN_BOOL_CONVERSION = YES;
				CLANG_WARN_COMMA = YES;
				CLANG_WARN_CONSTANT_CONVERSION = YES;
				CLANG_WARN_DEPRECATED_OBJC_IMPLEMENTATIONS = YES;
				CLANG_WARN_DIRECT_OBJC_ISA_USAGE = YES_ERROR;
				CLANG_WARN_DOCUMENTATION_COMMENTS = YES;
				CLANG_WARN_EMPTY_BODY = YES;
				CLANG_WARN_ENUM_CONVERSION = YES;
				CLANG_WARN_INFINITE_RECURSION = YES;
				CLANG_WARN_INT_CONVERSION = YES;
				CLANG_WARN_NON_LITERAL_NULL_CONVERSION = YES;
				CLANG_WARN_OBJC_IMPLICIT_RETAIN_SELF = YES;
				CLANG_WARN_OBJC_LITERAL_CONVERSION = YES;
				CLANG_WARN_OBJC_ROOT_CLASS = YES_ERROR;
				CLANG_WARN_QUOTED_INCLUDE_IN_FRAMEWORK_HEADER = YES;
				CLANG_WARN_RANGE_LOOP_ANALYSIS = YES;
				CLANG_WARN_STRICT_PROTOTYPES = YES;
				CLANG_WARN_SUSPICIOUS_MOVE = YES;
				CLANG_WARN_UNGUARDED_AVAILABILITY = YES_AGGRESSIVE;
				CLANG_WARN_UNREACHABLE_CODE = YES;
				CLANG_WARN__DUPLICATE_METHOD_MATCH = YES;
				COPY_PHASE_STRIP = NO;
				DEBUG_INFORMATION_FORMAT = dwarf;
				ENABLE_STRICT_OBJC_MSGSEND = YES;
				ENABLE_TESTABILITY = YES;
				GCC_C_LANGUAGE_STANDARD = gnu11;
				GCC_DYNAMIC_NO_PIC = NO;
				GCC_NO_COMMON_BLOCKS = YES;
				GCC_OPTIMIZATION_LEVEL = 0;
				GCC_PREPROCESSOR_DEFINITIONS = (
					"DEBUG=1",
					"$(inherited)",
				);
				GCC_WARN_64_TO_32_BIT_CONVERSION = YES;
				GCC_WARN_ABOUT_RETURN_TYPE = YES_ERROR;
				GCC_WARN_UNDECLARED_SELECTOR = YES;
				GCC_WARN_UNINITIALIZED_AUTOS = YES_AGGRESSIVE;
				GCC_WARN_UNUSED_FUNCTION = YES;
				GCC_WARN_UNUSED_VARIABLE = YES;
				IPHONEOS_DEPLOYMENT_TARGET = 15.5;
				MTL_ENABLE_DEBUG_INFO = INCLUDE_SOURCE;
				MTL_FAST_MATH = YES;
				ONLY_ACTIVE_ARCH = YES;
				SDKROOT = iphoneos;
				SWIFT_ACTIVE_COMPILATION_CONDITIONS = DEBUG;
				SWIFT_OPTIMIZATION_LEVEL = "-Onone";
			};
			name = Debug;
		};
		DC13CD7228A6038300E8D722 /* Release */ = {
			isa = XCBuildConfiguration;
			buildSettings = {
				ALWAYS_SEARCH_USER_PATHS = NO;
				CLANG_ANALYZER_NONNULL = YES;
				CLANG_ANALYZER_NUMBER_OBJECT_CONVERSION = YES_AGGRESSIVE;
				CLANG_CXX_LANGUAGE_STANDARD = "gnu++17";
				CLANG_ENABLE_MODULES = YES;
				CLANG_ENABLE_OBJC_ARC = YES;
				CLANG_ENABLE_OBJC_WEAK = YES;
				CLANG_WARN_BLOCK_CAPTURE_AUTORELEASING = YES;
				CLANG_WARN_BOOL_CONVERSION = YES;
				CLANG_WARN_COMMA = YES;
				CLANG_WARN_CONSTANT_CONVERSION = YES;
				CLANG_WARN_DEPRECATED_OBJC_IMPLEMENTATIONS = YES;
				CLANG_WARN_DIRECT_OBJC_ISA_USAGE = YES_ERROR;
				CLANG_WARN_DOCUMENTATION_COMMENTS = YES;
				CLANG_WARN_EMPTY_BODY = YES;
				CLANG_WARN_ENUM_CONVERSION = YES;
				CLANG_WARN_INFINITE_RECURSION = YES;
				CLANG_WARN_INT_CONVERSION = YES;
				CLANG_WARN_NON_LITERAL_NULL_CONVERSION = YES;
				CLANG_WARN_OBJC_IMPLICIT_RETAIN_SELF = YES;
				CLANG_WARN_OBJC_LITERAL_CONVERSION = YES;
				CLANG_WARN_OBJC_ROOT_CLASS = YES_ERROR;
				CLANG_WARN_QUOTED_INCLUDE_IN_FRAMEWORK_HEADER = YES;
				CLANG_WARN_RANGE_LOOP_ANALYSIS = YES;
				CLANG_WARN_STRICT_PROTOTYPES = YES;
				CLANG_WARN_SUSPICIOUS_MOVE = YES;
				CLANG_WARN_UNGUARDED_AVAILABILITY = YES_AGGRESSIVE;
				CLANG_WARN_UNREACHABLE_CODE = YES;
				CLANG_WARN__DUPLICATE_METHOD_MATCH = YES;
				COPY_PHASE_STRIP = NO;
				DEBUG_INFORMATION_FORMAT = "dwarf-with-dsym";
				ENABLE_NS_ASSERTIONS = NO;
				ENABLE_STRICT_OBJC_MSGSEND = YES;
				GCC_C_LANGUAGE_STANDARD = gnu11;
				GCC_NO_COMMON_BLOCKS = YES;
				GCC_WARN_64_TO_32_BIT_CONVERSION = YES;
				GCC_WARN_ABOUT_RETURN_TYPE = YES_ERROR;
				GCC_WARN_UNDECLARED_SELECTOR = YES;
				GCC_WARN_UNINITIALIZED_AUTOS = YES_AGGRESSIVE;
				GCC_WARN_UNUSED_FUNCTION = YES;
				GCC_WARN_UNUSED_VARIABLE = YES;
				IPHONEOS_DEPLOYMENT_TARGET = 15.5;
				MTL_ENABLE_DEBUG_INFO = NO;
				MTL_FAST_MATH = YES;
				SDKROOT = iphoneos;
				SWIFT_COMPILATION_MODE = wholemodule;
				SWIFT_OPTIMIZATION_LEVEL = "-O";
				VALIDATE_PRODUCT = YES;
			};
			name = Release;
		};
		DC13CD7428A6038300E8D722 /* Debug */ = {
			isa = XCBuildConfiguration;
			buildSettings = {
				ASSETCATALOG_COMPILER_APPICON_NAME = AppIcon;
				ASSETCATALOG_COMPILER_GLOBAL_ACCENT_COLOR_NAME = AccentColor;
				CODE_SIGN_STYLE = Automatic;
				CURRENT_PROJECT_VERSION = 1;
				GENERATE_INFOPLIST_FILE = YES;
				INFOPLIST_FILE = App_Start/Info.plist;
				INFOPLIST_KEY_UIApplicationSupportsIndirectInputEvents = YES;
				INFOPLIST_KEY_UILaunchStoryboardName = LaunchScreen;
				INFOPLIST_KEY_UIMainStoryboardFile = Main;
				INFOPLIST_KEY_UISupportedInterfaceOrientations = "UIInterfaceOrientationPortrait UIInterfaceOrientationLandscapeRight";
				INFOPLIST_KEY_UISupportedInterfaceOrientations_iPad = "UIInterfaceOrientationPortrait UIInterfaceOrientationPortraitUpsideDown UIInterfaceOrientationLandscapeLeft UIInterfaceOrientationLandscapeRight";
				INFOPLIST_KEY_UISupportedInterfaceOrientations_iPhone = "UIInterfaceOrientationPortrait UIInterfaceOrientationLandscapeLeft UIInterfaceOrientationLandscapeRight";
				IPHONEOS_DEPLOYMENT_TARGET = 14.5;
				LD_RUNPATH_SEARCH_PATHS = (
					"$(inherited)",
					"@executable_path/Frameworks",
				);
				MARKETING_VERSION = 1.0;
				PRODUCT_BUNDLE_IDENTIFIER = "kr.co.test.App-Start";
				PRODUCT_NAME = "$(TARGET_NAME)";
				SWIFT_EMIT_LOC_STRINGS = YES;
				SWIFT_VERSION = 5.0;
				TARGETED_DEVICE_FAMILY = 1;
			};
			name = Debug;
		};
		DC13CD7528A6038300E8D722 /* Release */ = {
			isa = XCBuildConfiguration;
			buildSettings = {
				ASSETCATALOG_COMPILER_APPICON_NAME = AppIcon;
				ASSETCATALOG_COMPILER_GLOBAL_ACCENT_COLOR_NAME = AccentColor;
				CODE_SIGN_STYLE = Automatic;
				CURRENT_PROJECT_VERSION = 1;
				GENERATE_INFOPLIST_FILE = YES;
				INFOPLIST_FILE = App_Start/Info.plist;
				INFOPLIST_KEY_UIApplicationSupportsIndirectInputEvents = YES;
				INFOPLIST_KEY_UILaunchStoryboardName = LaunchScreen;
				INFOPLIST_KEY_UIMainStoryboardFile = Main;
				INFOPLIST_KEY_UISupportedInterfaceOrientations = "UIInterfaceOrientationPortrait UIInterfaceOrientationLandscapeRight";
				INFOPLIST_KEY_UISupportedInterfaceOrientations_iPad = "UIInterfaceOrientationPortrait UIInterfaceOrientationPortraitUpsideDown UIInterfaceOrientationLandscapeLeft UIInterfaceOrientationLandscapeRight";
				INFOPLIST_KEY_UISupportedInterfaceOrientations_iPhone = "UIInterfaceOrientationPortrait UIInterfaceOrientationLandscapeLeft UIInterfaceOrientationLandscapeRight";
				IPHONEOS_DEPLOYMENT_TARGET = 14.5;
				LD_RUNPATH_SEARCH_PATHS = (
					"$(inherited)",
					"@executable_path/Frameworks",
				);
				MARKETING_VERSION = 1.0;
				PRODUCT_BUNDLE_IDENTIFIER = "kr.co.test.App-Start";
				PRODUCT_NAME = "$(TARGET_NAME)";
				SWIFT_EMIT_LOC_STRINGS = YES;
				SWIFT_VERSION = 5.0;
				TARGETED_DEVICE_FAMILY = 1;
			};
			name = Release;
		};
		DC13CD7728A6038300E8D722 /* Debug */ = {
			isa = XCBuildConfiguration;
			buildSettings = {
				ALWAYS_EMBED_SWIFT_STANDARD_LIBRARIES = YES;
				BUNDLE_LOADER = "$(TEST_HOST)";
				CODE_SIGN_STYLE = Automatic;
				CURRENT_PROJECT_VERSION = 1;
				GENERATE_INFOPLIST_FILE = YES;
				IPHONEOS_DEPLOYMENT_TARGET = 15.5;
				MARKETING_VERSION = 1.0;
				PRODUCT_BUNDLE_IDENTIFIER = "kr.co.test.App-StartTests";
				PRODUCT_NAME = "$(TARGET_NAME)";
				SWIFT_EMIT_LOC_STRINGS = NO;
				SWIFT_VERSION = 5.0;
				TARGETED_DEVICE_FAMILY = "1,2";
				TEST_HOST = "$(BUILT_PRODUCTS_DIR)/App_Start.app/App_Start";
			};
			name = Debug;
		};
		DC13CD7828A6038300E8D722 /* Release */ = {
			isa = XCBuildConfiguration;
			buildSettings = {
				ALWAYS_EMBED_SWIFT_STANDARD_LIBRARIES = YES;
				BUNDLE_LOADER = "$(TEST_HOST)";
				CODE_SIGN_STYLE = Automatic;
				CURRENT_PROJECT_VERSION = 1;
				GENERATE_INFOPLIST_FILE = YES;
				IPHONEOS_DEPLOYMENT_TARGET = 15.5;
				MARKETING_VERSION = 1.0;
				PRODUCT_BUNDLE_IDENTIFIER = "kr.co.test.App-StartTests";
				PRODUCT_NAME = "$(TARGET_NAME)";
				SWIFT_EMIT_LOC_STRINGS = NO;
				SWIFT_VERSION = 5.0;
				TARGETED_DEVICE_FAMILY = "1,2";
				TEST_HOST = "$(BUILT_PRODUCTS_DIR)/App_Start.app/App_Start";
			};
			name = Release;
		};
		DC13CD7A28A6038300E8D722 /* Debug */ = {
			isa = XCBuildConfiguration;
			buildSettings = {
				ALWAYS_EMBED_SWIFT_STANDARD_LIBRARIES = YES;
				CODE_SIGN_STYLE = Automatic;
				CURRENT_PROJECT_VERSION = 1;
				GENERATE_INFOPLIST_FILE = YES;
				MARKETING_VERSION = 1.0;
				PRODUCT_BUNDLE_IDENTIFIER = "kr.co.test.App-StartUITests";
				PRODUCT_NAME = "$(TARGET_NAME)";
				SWIFT_EMIT_LOC_STRINGS = NO;
				SWIFT_VERSION = 5.0;
				TARGETED_DEVICE_FAMILY = "1,2";
				TEST_TARGET_NAME = App_Start;
			};
			name = Debug;
		};
		DC13CD7B28A6038300E8D722 /* Release */ = {
			isa = XCBuildConfiguration;
			buildSettings = {
				ALWAYS_EMBED_SWIFT_STANDARD_LIBRARIES = YES;
				CODE_SIGN_STYLE = Automatic;
				CURRENT_PROJECT_VERSION = 1;
				GENERATE_INFOPLIST_FILE = YES;
				MARKETING_VERSION = 1.0;
				PRODUCT_BUNDLE_IDENTIFIER = "kr.co.test.App-StartUITests";
				PRODUCT_NAME = "$(TARGET_NAME)";
				SWIFT_EMIT_LOC_STRINGS = NO;
				SWIFT_VERSION = 5.0;
				TARGETED_DEVICE_FAMILY = "1,2";
				TEST_TARGET_NAME = App_Start;
			};
			name = Release;
		};
/* End XCBuildConfiguration section */

/* Begin XCConfigurationList section */
		DC13CD4428A6038200E8D722 /* Build configuration list for PBXProject "App_Start" */ = {
			isa = XCConfigurationList;
			buildConfigurations = (
				DC13CD7128A6038300E8D722 /* Debug */,
				DC13CD7228A6038300E8D722 /* Release */,
			);
			defaultConfigurationIsVisible = 0;
			defaultConfigurationName = Release;
		};
		DC13CD7328A6038300E8D722 /* Build configuration list for PBXNativeTarget "App_Start" */ = {
			isa = XCConfigurationList;
			buildConfigurations = (
				DC13CD7428A6038300E8D722 /* Debug */,
				DC13CD7528A6038300E8D722 /* Release */,
			);
			defaultConfigurationIsVisible = 0;
			defaultConfigurationName = Release;
		};
		DC13CD7628A6038300E8D722 /* Build configuration list for PBXNativeTarget "App_StartTests" */ = {
			isa = XCConfigurationList;
			buildConfigurations = (
				DC13CD7728A6038300E8D722 /* Debug */,
				DC13CD7828A6038300E8D722 /* Release */,
			);
			defaultConfigurationIsVisible = 0;
			defaultConfigurationName = Release;
		};
		DC13CD7928A6038300E8D722 /* Build configuration list for PBXNativeTarget "App_StartUITests" */ = {
			isa = XCConfigurationList;
			buildConfigurations = (
				DC13CD7A28A6038300E8D722 /* Debug */,
				DC13CD7B28A6038300E8D722 /* Release */,
			);
			defaultConfigurationIsVisible = 0;
			defaultConfigurationName = Release;
		};
/* End XCConfigurationList section */
	};
	rootObject = DC13CD4128A6038200E8D722 /* Project object */;
}
