// !$*UTF8*$!
{
	archiveVersion = 1;
	classes = {
	};
	objectVersion = 55;
	objects = {

/* Begin PBXBuildFile section */
		DC397BC428B639E800E51317 /* AppDelegate.swift in Sources */ = {isa = PBXBuildFile; fileRef = DC397BC328B639E800E51317 /* AppDelegate.swift */; };
		DC397BC628B639E800E51317 /* SceneDelegate.swift in Sources */ = {isa = PBXBuildFile; fileRef = DC397BC528B639E800E51317 /* SceneDelegate.swift */; };
		DC397BC828B639E800E51317 /* ViewController.swift in Sources */ = {isa = PBXBuildFile; fileRef = DC397BC728B639E800E51317 /* ViewController.swift */; };
		DC397BCB28B639E800E51317 /* Main.storyboard in Resources */ = {isa = PBXBuildFile; fileRef = DC397BC928B639E800E51317 /* Main.storyboard */; };
		DC397BCE28B639E800E51317 /* TodoList.xcdatamodeld in Sources */ = {isa = PBXBuildFile; fileRef = DC397BCC28B639E800E51317 /* TodoList.xcdatamodeld */; };
		DC397BD028B639E900E51317 /* Assets.xcassets in Resources */ = {isa = PBXBuildFile; fileRef = DC397BCF28B639E900E51317 /* Assets.xcassets */; };
		DC397BD328B639E900E51317 /* LaunchScreen.storyboard in Resources */ = {isa = PBXBuildFile; fileRef = DC397BD128B639E900E51317 /* LaunchScreen.storyboard */; };
		DC397BDE28B639E900E51317 /* TodoListTests.swift in Sources */ = {isa = PBXBuildFile; fileRef = DC397BDD28B639E900E51317 /* TodoListTests.swift */; };
		DC397BE828B639E900E51317 /* TodoListUITests.swift in Sources */ = {isa = PBXBuildFile; fileRef = DC397BE728B639E900E51317 /* TodoListUITests.swift */; };
		DC397BEA28B639E900E51317 /* TodoListUITestsLaunchTests.swift in Sources */ = {isa = PBXBuildFile; fileRef = DC397BE928B639E900E51317 /* TodoListUITestsLaunchTests.swift */; };
		DCBF808028B7275E00F38A16 /* TodoDetailViewController.swift in Sources */ = {isa = PBXBuildFile; fileRef = DCBF807E28B7275E00F38A16 /* TodoDetailViewController.swift */; };
		DCBF808128B7275E00F38A16 /* TodoDetailViewController.xib in Resources */ = {isa = PBXBuildFile; fileRef = DCBF807F28B7275E00F38A16 /* TodoDetailViewController.xib */; };
		DCC875A528B6526300F9042F /* TodoCell.swift in Sources */ = {isa = PBXBuildFile; fileRef = DCC875A428B6526300F9042F /* TodoCell.swift */; };
/* End PBXBuildFile section */

/* Begin PBXContainerItemProxy section */
		DC397BDA28B639E900E51317 /* PBXContainerItemProxy */ = {
			isa = PBXContainerItemProxy;
			containerPortal = DC397BB828B639E800E51317 /* Project object */;
			proxyType = 1;
			remoteGlobalIDString = DC397BBF28B639E800E51317;
			remoteInfo = TodoList;
		};
		DC397BE428B639E900E51317 /* PBXContainerItemProxy */ = {
			isa = PBXContainerItemProxy;
			containerPortal = DC397BB828B639E800E51317 /* Project object */;
			proxyType = 1;
			remoteGlobalIDString = DC397BBF28B639E800E51317;
			remoteInfo = TodoList;
		};
/* End PBXContainerItemProxy section */

/* Begin PBXFileReference section */
		DC397BC028B639E800E51317 /* TodoList.app */ = {isa = PBXFileReference; explicitFileType = wrapper.application; includeInIndex = 0; path = TodoList.app; sourceTree = BUILT_PRODUCTS_DIR; };
		DC397BC328B639E800E51317 /* AppDelegate.swift */ = {isa = PBXFileReference; lastKnownFileType = sourcecode.swift; path = AppDelegate.swift; sourceTree = "<group>"; };
		DC397BC528B639E800E51317 /* SceneDelegate.swift */ = {isa = PBXFileReference; lastKnownFileType = sourcecode.swift; path = SceneDelegate.swift; sourceTree = "<group>"; };
		DC397BC728B639E800E51317 /* ViewController.swift */ = {isa = PBXFileReference; lastKnownFileType = sourcecode.swift; path = ViewController.swift; sourceTree = "<group>"; };
		DC397BCA28B639E800E51317 /* Base */ = {isa = PBXFileReference; lastKnownFileType = file.storyboard; name = Base; path = Base.lproj/Main.storyboard; sourceTree = "<group>"; };
		DC397BCD28B639E800E51317 /* TodoList.xcdatamodel */ = {isa = PBXFileReference; lastKnownFileType = wrapper.xcdatamodel; path = TodoList.xcdatamodel; sourceTree = "<group>"; };
		DC397BCF28B639E900E51317 /* Assets.xcassets */ = {isa = PBXFileReference; lastKnownFileType = folder.assetcatalog; path = Assets.xcassets; sourceTree = "<group>"; };
		DC397BD228B639E900E51317 /* Base */ = {isa = PBXFileReference; lastKnownFileType = file.storyboard; name = Base; path = Base.lproj/LaunchScreen.storyboard; sourceTree = "<group>"; };
		DC397BD428B639E900E51317 /* Info.plist */ = {isa = PBXFileReference; lastKnownFileType = text.plist.xml; path = Info.plist; sourceTree = "<group>"; };
		DC397BD928B639E900E51317 /* TodoListTests.xctest */ = {isa = PBXFileReference; explicitFileType = wrapper.cfbundle; includeInIndex = 0; path = TodoListTests.xctest; sourceTree = BUILT_PRODUCTS_DIR; };
		DC397BDD28B639E900E51317 /* TodoListTests.swift */ = {isa = PBXFileReference; lastKnownFileType = sourcecode.swift; path = TodoListTests.swift; sourceTree = "<group>"; };
		DC397BE328B639E900E51317 /* TodoListUITests.xctest */ = {isa = PBXFileReference; explicitFileType = wrapper.cfbundle; includeInIndex = 0; path = TodoListUITests.xctest; sourceTree = BUILT_PRODUCTS_DIR; };
		DC397BE728B639E900E51317 /* TodoListUITests.swift */ = {isa = PBXFileReference; lastKnownFileType = sourcecode.swift; path = TodoListUITests.swift; sourceTree = "<group>"; };
		DC397BE928B639E900E51317 /* TodoListUITestsLaunchTests.swift */ = {isa = PBXFileReference; lastKnownFileType = sourcecode.swift; path = TodoListUITestsLaunchTests.swift; sourceTree = "<group>"; };
		DCBF807E28B7275E00F38A16 /* TodoDetailViewController.swift */ = {isa = PBXFileReference; lastKnownFileType = sourcecode.swift; path = TodoDetailViewController.swift; sourceTree = "<group>"; };
		DCBF807F28B7275E00F38A16 /* TodoDetailViewController.xib */ = {isa = PBXFileReference; lastKnownFileType = file.xib; path = TodoDetailViewController.xib; sourceTree = "<group>"; };
		DCC875A428B6526300F9042F /* TodoCell.swift */ = {isa = PBXFileReference; lastKnownFileType = sourcecode.swift; path = TodoCell.swift; sourceTree = "<group>"; };
/* End PBXFileReference section */

/* Begin PBXFrameworksBuildPhase section */
		DC397BBD28B639E800E51317 /* Frameworks */ = {
			isa = PBXFrameworksBuildPhase;
			buildActionMask = 2147483647;
			files = (
			);
			runOnlyForDeploymentPostprocessing = 0;
		};
		DC397BD628B639E900E51317 /* Frameworks */ = {
			isa = PBXFrameworksBuildPhase;
			buildActionMask = 2147483647;
			files = (
			);
			runOnlyForDeploymentPostprocessing = 0;
		};
		DC397BE028B639E900E51317 /* Frameworks */ = {
			isa = PBXFrameworksBuildPhase;
			buildActionMask = 2147483647;
			files = (
			);
			runOnlyForDeploymentPostprocessing = 0;
		};
/* End PBXFrameworksBuildPhase section */

/* Begin PBXGroup section */
		DC397BB728B639E800E51317 = {
			isa = PBXGroup;
			children = (
				DC397BC228B639E800E51317 /* TodoList */,
				DC397BDC28B639E900E51317 /* TodoListTests */,
				DC397BE628B639E900E51317 /* TodoListUITests */,
				DC397BC128B639E800E51317 /* Products */,
			);
			sourceTree = "<group>";
		};
		DC397BC128B639E800E51317 /* Products */ = {
			isa = PBXGroup;
			children = (
				DC397BC028B639E800E51317 /* TodoList.app */,
				DC397BD928B639E900E51317 /* TodoListTests.xctest */,
				DC397BE328B639E900E51317 /* TodoListUITests.xctest */,
			);
			name = Products;
			sourceTree = "<group>";
		};
		DC397BC228B639E800E51317 /* TodoList */ = {
			isa = PBXGroup;
			children = (
				DC397BC328B639E800E51317 /* AppDelegate.swift */,
				DC397BC528B639E800E51317 /* SceneDelegate.swift */,
				DC397BC728B639E800E51317 /* ViewController.swift */,
				DCBF807E28B7275E00F38A16 /* TodoDetailViewController.swift */,
				DCBF807F28B7275E00F38A16 /* TodoDetailViewController.xib */,
				DCC875A428B6526300F9042F /* TodoCell.swift */,
				DC397BC928B639E800E51317 /* Main.storyboard */,
				DC397BCF28B639E900E51317 /* Assets.xcassets */,
				DC397BD128B639E900E51317 /* LaunchScreen.storyboard */,
				DC397BD428B639E900E51317 /* Info.plist */,
				DC397BCC28B639E800E51317 /* TodoList.xcdatamodeld */,
			);
			path = TodoList;
			sourceTree = "<group>";
		};
		DC397BDC28B639E900E51317 /* TodoListTests */ = {
			isa = PBXGroup;
			children = (
				DC397BDD28B639E900E51317 /* TodoListTests.swift */,
			);
			path = TodoListTests;
			sourceTree = "<group>";
		};
		DC397BE628B639E900E51317 /* TodoListUITests */ = {
			isa = PBXGroup;
			children = (
				DC397BE728B639E900E51317 /* TodoListUITests.swift */,
				DC397BE928B639E900E51317 /* TodoListUITestsLaunchTests.swift */,
			);
			path = TodoListUITests;
			sourceTree = "<group>";
		};
/* End PBXGroup section */

/* Begin PBXNativeTarget section */
		DC397BBF28B639E800E51317 /* TodoList */ = {
			isa = PBXNativeTarget;
			buildConfigurationList = DC397BED28B639E900E51317 /* Build configuration list for PBXNativeTarget "TodoList" */;
			buildPhases = (
				DC397BBC28B639E800E51317 /* Sources */,
				DC397BBD28B639E800E51317 /* Frameworks */,
				DC397BBE28B639E800E51317 /* Resources */,
			);
			buildRules = (
			);
			dependencies = (
			);
			name = TodoList;
			productName = TodoList;
			productReference = DC397BC028B639E800E51317 /* TodoList.app */;
			productType = "com.apple.product-type.application";
		};
		DC397BD828B639E900E51317 /* TodoListTests */ = {
			isa = PBXNativeTarget;
			buildConfigurationList = DC397BF028B639E900E51317 /* Build configuration list for PBXNativeTarget "TodoListTests" */;
			buildPhases = (
				DC397BD528B639E900E51317 /* Sources */,
				DC397BD628B639E900E51317 /* Frameworks */,
				DC397BD728B639E900E51317 /* Resources */,
			);
			buildRules = (
			);
			dependencies = (
				DC397BDB28B639E900E51317 /* PBXTargetDependency */,
			);
			name = TodoListTests;
			productName = TodoListTests;
			productReference = DC397BD928B639E900E51317 /* TodoListTests.xctest */;
			productType = "com.apple.product-type.bundle.unit-test";
		};
		DC397BE228B639E900E51317 /* TodoListUITests */ = {
			isa = PBXNativeTarget;
			buildConfigurationList = DC397BF328B639E900E51317 /* Build configuration list for PBXNativeTarget "TodoListUITests" */;
			buildPhases = (
				DC397BDF28B639E900E51317 /* Sources */,
				DC397BE028B639E900E51317 /* Frameworks */,
				DC397BE128B639E900E51317 /* Resources */,
			);
			buildRules = (
			);
			dependencies = (
				DC397BE528B639E900E51317 /* PBXTargetDependency */,
			);
			name = TodoListUITests;
			productName = TodoListUITests;
			productReference = DC397BE328B639E900E51317 /* TodoListUITests.xctest */;
			productType = "com.apple.product-type.bundle.ui-testing";
		};
/* End PBXNativeTarget section */

/* Begin PBXProject section */
		DC397BB828B639E800E51317 /* Project object */ = {
			isa = PBXProject;
			attributes = {
				BuildIndependentTargetsInParallel = 1;
				LastSwiftUpdateCheck = 1340;
				LastUpgradeCheck = 1340;
				TargetAttributes = {
					DC397BBF28B639E800E51317 = {
						CreatedOnToolsVersion = 13.4.1;
					};
					DC397BD828B639E900E51317 = {
						CreatedOnToolsVersion = 13.4.1;
						TestTargetID = DC397BBF28B639E800E51317;
					};
					DC397BE228B639E900E51317 = {
						CreatedOnToolsVersion = 13.4.1;
						TestTargetID = DC397BBF28B639E800E51317;
					};
				};
			};
			buildConfigurationList = DC397BBB28B639E800E51317 /* Build configuration list for PBXProject "TodoList" */;
			compatibilityVersion = "Xcode 13.0";
			developmentRegion = en;
			hasScannedForEncodings = 0;
			knownRegions = (
				en,
				Base,
			);
			mainGroup = DC397BB728B639E800E51317;
			productRefGroup = DC397BC128B639E800E51317 /* Products */;
			projectDirPath = "";
			projectRoot = "";
			targets = (
				DC397BBF28B639E800E51317 /* TodoList */,
				DC397BD828B639E900E51317 /* TodoListTests */,
				DC397BE228B639E900E51317 /* TodoListUITests */,
			);
		};
/* End PBXProject section */

/* Begin PBXResourcesBuildPhase section */
		DC397BBE28B639E800E51317 /* Resources */ = {
			isa = PBXResourcesBuildPhase;
			buildActionMask = 2147483647;
			files = (
				DC397BD328B639E900E51317 /* LaunchScreen.storyboard in Resources */,
				DCBF808128B7275E00F38A16 /* TodoDetailViewController.xib in Resources */,
				DC397BD028B639E900E51317 /* Assets.xcassets in Resources */,
				DC397BCB28B639E800E51317 /* Main.storyboard in Resources */,
			);
			runOnlyForDeploymentPostprocessing = 0;
		};
		DC397BD728B639E900E51317 /* Resources */ = {
			isa = PBXResourcesBuildPhase;
			buildActionMask = 2147483647;
			files = (
			);
			runOnlyForDeploymentPostprocessing = 0;
		};
		DC397BE128B639E900E51317 /* Resources */ = {
			isa = PBXResourcesBuildPhase;
			buildActionMask = 2147483647;
			files = (
			);
			runOnlyForDeploymentPostprocessing = 0;
		};
/* End PBXResourcesBuildPhase section */

/* Begin PBXSourcesBuildPhase section */
		DC397BBC28B639E800E51317 /* Sources */ = {
			isa = PBXSourcesBuildPhase;
			buildActionMask = 2147483647;
			files = (
				DC397BC828B639E800E51317 /* ViewController.swift in Sources */,
				DC397BC428B639E800E51317 /* AppDelegate.swift in Sources */,
				DC397BC628B639E800E51317 /* SceneDelegate.swift in Sources */,
				DCC875A528B6526300F9042F /* TodoCell.swift in Sources */,
				DC397BCE28B639E800E51317 /* TodoList.xcdatamodeld in Sources */,
				DCBF808028B7275E00F38A16 /* TodoDetailViewController.swift in Sources */,
			);
			runOnlyForDeploymentPostprocessing = 0;
		};
		DC397BD528B639E900E51317 /* Sources */ = {
			isa = PBXSourcesBuildPhase;
			buildActionMask = 2147483647;
			files = (
				DC397BDE28B639E900E51317 /* TodoListTests.swift in Sources */,
			);
			runOnlyForDeploymentPostprocessing = 0;
		};
		DC397BDF28B639E900E51317 /* Sources */ = {
			isa = PBXSourcesBuildPhase;
			buildActionMask = 2147483647;
			files = (
				DC397BEA28B639E900E51317 /* TodoListUITestsLaunchTests.swift in Sources */,
				DC397BE828B639E900E51317 /* TodoListUITests.swift in Sources */,
			);
			runOnlyForDeploymentPostprocessing = 0;
		};
/* End PBXSourcesBuildPhase section */

/* Begin PBXTargetDependency section */
		DC397BDB28B639E900E51317 /* PBXTargetDependency */ = {
			isa = PBXTargetDependency;
			target = DC397BBF28B639E800E51317 /* TodoList */;
			targetProxy = DC397BDA28B639E900E51317 /* PBXContainerItemProxy */;
		};
		DC397BE528B639E900E51317 /* PBXTargetDependency */ = {
			isa = PBXTargetDependency;
			target = DC397BBF28B639E800E51317 /* TodoList */;
			targetProxy = DC397BE428B639E900E51317 /* PBXContainerItemProxy */;
		};
/* End PBXTargetDependency section */

/* Begin PBXVariantGroup section */
		DC397BC928B639E800E51317 /* Main.storyboard */ = {
			isa = PBXVariantGroup;
			children = (
				DC397BCA28B639E800E51317 /* Base */,
			);
			name = Main.storyboard;
			sourceTree = "<group>";
		};
		DC397BD128B639E900E51317 /* LaunchScreen.storyboard */ = {
			isa = PBXVariantGroup;
			children = (
				DC397BD228B639E900E51317 /* Base */,
			);
			name = LaunchScreen.storyboard;
			sourceTree = "<group>";
		};
/* End PBXVariantGroup section */

/* Begin XCBuildConfiguration section */
		DC397BEB28B639E900E51317 /* Debug */ = {
			isa = XCBuildConfiguration;
			buildSettings = {
				ALWAYS_SEARCH_USER_PATHS = NO;
				CLANG_ANALYZER_NONNULL = YES;
				CLANG_ANALYZER_NUMBER_OBJECT_CONVERSION = YES_AGGRESSIVE;
				CLANG_CXX_LANGUAGE_STANDARD = "gnu++17";
				CLANG_ENABLE_MODULES = YES;
				CLANG_ENABLE_OBJC_ARC = YES;
				CLANG_ENABLE_OBJC_WEAK = YES;
				CLANG_WARN_BLOCK_CAPTURE_AUTORELEASING = YES;
				CLANG_WARN_BOOL_CONVERSION = YES;
				CLANG_WARN_COMMA = YES;
				CLANG_WARN_CONSTANT_CONVERSION = YES;
				CLANG_WARN_DEPRECATED_OBJC_IMPLEMENTATIONS = YES;
				CLANG_WARN_DIRECT_OBJC_ISA_USAGE = YES_ERROR;
				CLANG_WARN_DOCUMENTATION_COMMENTS = YES;
				CLANG_WARN_EMPTY_BODY = YES;
				CLANG_WARN_ENUM_CONVERSION = YES;
				CLANG_WARN_INFINITE_RECURSION = YES;
				CLANG_WARN_INT_CONVERSION = YES;
				CLANG_WARN_NON_LITERAL_NULL_CONVERSION = YES;
				CLANG_WARN_OBJC_IMPLICIT_RETAIN_SELF = YES;
				CLANG_WARN_OBJC_LITERAL_CONVERSION = YES;
				CLANG_WARN_OBJC_ROOT_CLASS = YES_ERROR;
				CLANG_WARN_QUOTED_INCLUDE_IN_FRAMEWORK_HEADER = YES;
				CLANG_WARN_RANGE_LOOP_ANALYSIS = YES;
				CLANG_WARN_STRICT_PROTOTYPES = YES;
				CLANG_WARN_SUSPICIOUS_MOVE = YES;
				CLANG_WARN_UNGUARDED_AVAILABILITY = YES_AGGRESSIVE;
				CLANG_WARN_UNREACHABLE_CODE = YES;
				CLANG_WARN__DUPLICATE_METHOD_MATCH = YES;
				COPY_PHASE_STRIP = NO;
				DEBUG_INFORMATION_FORMAT = dwarf;
				ENABLE_STRICT_OBJC_MSGSEND = YES;
				ENABLE_TESTABILITY = YES;
				GCC_C_LANGUAGE_STANDARD = gnu11;
				GCC_DYNAMIC_NO_PIC = NO;
				GCC_NO_COMMON_BLOCKS = YES;
				GCC_OPTIMIZATION_LEVEL = 0;
				GCC_PREPROCESSOR_DEFINITIONS = (
					"DEBUG=1",
					"$(inherited)",
				);
				GCC_WARN_64_TO_32_BIT_CONVERSION = YES;
				GCC_WARN_ABOUT_RETURN_TYPE = YES_ERROR;
				GCC_WARN_UNDECLARED_SELECTOR = YES;
				GCC_WARN_UNINITIALIZED_AUTOS = YES_AGGRESSIVE;
				GCC_WARN_UNUSED_FUNCTION = YES;
				GCC_WARN_UNUSED_VARIABLE = YES;
				IPHONEOS_DEPLOYMENT_TARGET = 15.5;
				MTL_ENABLE_DEBUG_INFO = INCLUDE_SOURCE;
				MTL_FAST_MATH = YES;
				ONLY_ACTIVE_ARCH = YES;
				SDKROOT = iphoneos;
				SWIFT_ACTIVE_COMPILATION_CONDITIONS = DEBUG;
				SWIFT_OPTIMIZATION_LEVEL = "-Onone";
			};
			name = Debug;
		};
		DC397BEC28B639E900E51317 /* Release */ = {
			isa = XCBuildConfiguration;
			buildSettings = {
				ALWAYS_SEARCH_USER_PATHS = NO;
				CLANG_ANALYZER_NONNULL = YES;
				CLANG_ANALYZER_NUMBER_OBJECT_CONVERSION = YES_AGGRESSIVE;
				CLANG_CXX_LANGUAGE_STANDARD = "gnu++17";
				CLANG_ENABLE_MODULES = YES;
				CLANG_ENABLE_OBJC_ARC = YES;
				CLANG_ENABLE_OBJC_WEAK = YES;
				CLANG_WARN_BLOCK_CAPTURE_AUTORELEASING = YES;
				CLANG_WARN_BOOL_CONVERSION = YES;
				CLANG_WARN_COMMA = YES;
				CLANG_WARN_CONSTANT_CONVERSION = YES;
				CLANG_WARN_DEPRECATED_OBJC_IMPLEMENTATIONS = YES;
				CLANG_WARN_DIRECT_OBJC_ISA_USAGE = YES_ERROR;
				CLANG_WARN_DOCUMENTATION_COMMENTS = YES;
				CLANG_WARN_EMPTY_BODY = YES;
				CLANG_WARN_ENUM_CONVERSION = YES;
				CLANG_WARN_INFINITE_RECURSION = YES;
				CLANG_WARN_INT_CONVERSION = YES;
				CLANG_WARN_NON_LITERAL_NULL_CONVERSION = YES;
				CLANG_WARN_OBJC_IMPLICIT_RETAIN_SELF = YES;
				CLANG_WARN_OBJC_LITERAL_CONVERSION = YES;
				CLANG_WARN_OBJC_ROOT_CLASS = YES_ERROR;
				CLANG_WARN_QUOTED_INCLUDE_IN_FRAMEWORK_HEADER = YES;
				CLANG_WARN_RANGE_LOOP_ANALYSIS = YES;
				CLANG_WARN_STRICT_PROTOTYPES = YES;
				CLANG_WARN_SUSPICIOUS_MOVE = YES;
				CLANG_WARN_UNGUARDED_AVAILABILITY = YES_AGGRESSIVE;
				CLANG_WARN_UNREACHABLE_CODE = YES;
				CLANG_WARN__DUPLICATE_METHOD_MATCH = YES;
				COPY_PHASE_STRIP = NO;
				DEBUG_INFORMATION_FORMAT = "dwarf-with-dsym";
				ENABLE_NS_ASSERTIONS = NO;
				ENABLE_STRICT_OBJC_MSGSEND = YES;
				GCC_C_LANGUAGE_STANDARD = gnu11;
				GCC_NO_COMMON_BLOCKS = YES;
				GCC_WARN_64_TO_32_BIT_CONVERSION = YES;
				GCC_WARN_ABOUT_RETURN_TYPE = YES_ERROR;
				GCC_WARN_UNDECLARED_SELECTOR = YES;
				GCC_WARN_UNINITIALIZED_AUTOS = YES_AGGRESSIVE;
				GCC_WARN_UNUSED_FUNCTION = YES;
				GCC_WARN_UNUSED_VARIABLE = YES;
				IPHONEOS_DEPLOYMENT_TARGET = 15.5;
				MTL_ENABLE_DEBUG_INFO = NO;
				MTL_FAST_MATH = YES;
				SDKROOT = iphoneos;
				SWIFT_COMPILATION_MODE = wholemodule;
				SWIFT_OPTIMIZATION_LEVEL = "-O";
				VALIDATE_PRODUCT = YES;
			};
			name = Release;
		};
		DC397BEE28B639E900E51317 /* Debug */ = {
			isa = XCBuildConfiguration;
			buildSettings = {
				ASSETCATALOG_COMPILER_APPICON_NAME = AppIcon;
				ASSETCATALOG_COMPILER_GLOBAL_ACCENT_COLOR_NAME = AccentColor;
				CODE_SIGN_STYLE = Automatic;
				CURRENT_PROJECT_VERSION = 1;
				DEVELOPMENT_TEAM = 87NQ3CPZUA;
				GENERATE_INFOPLIST_FILE = YES;
				INFOPLIST_FILE = TodoList/Info.plist;
				INFOPLIST_KEY_UIApplicationSupportsIndirectInputEvents = YES;
				INFOPLIST_KEY_UILaunchStoryboardName = LaunchScreen;
				INFOPLIST_KEY_UIMainStoryboardFile = Main;
				INFOPLIST_KEY_UISupportedInterfaceOrientations_iPad = "UIInterfaceOrientationPortrait UIInterfaceOrientationPortraitUpsideDown UIInterfaceOrientationLandscapeLeft UIInterfaceOrientationLandscapeRight";
				INFOPLIST_KEY_UISupportedInterfaceOrientations_iPhone = "UIInterfaceOrientationPortrait UIInterfaceOrientationLandscapeLeft UIInterfaceOrientationLandscapeRight";
				LD_RUNPATH_SEARCH_PATHS = (
					"$(inherited)",
					"@executable_path/Frameworks",
				);
				MARKETING_VERSION = 1.0;
				PRODUCT_BUNDLE_IDENTIFIER = kr.co.test.TodoList;
				PRODUCT_NAME = "$(TARGET_NAME)";
				SWIFT_EMIT_LOC_STRINGS = YES;
				SWIFT_VERSION = 5.0;
				TARGETED_DEVICE_FAMILY = "1,2";
			};
			name = Debug;
		};
		DC397BEF28B639E900E51317 /* Release */ = {
			isa = XCBuildConfiguration;
			buildSettings = {
				ASSETCATALOG_COMPILER_APPICON_NAME = AppIcon;
				ASSETCATALOG_COMPILER_GLOBAL_ACCENT_COLOR_NAME = AccentColor;
				CODE_SIGN_STYLE = Automatic;
				CURRENT_PROJECT_VERSION = 1;
				DEVELOPMENT_TEAM = 87NQ3CPZUA;
				GENERATE_INFOPLIST_FILE = YES;
				INFOPLIST_FILE = TodoList/Info.plist;
				INFOPLIST_KEY_UIApplicationSupportsIndirectInputEvents = YES;
				INFOPLIST_KEY_UILaunchStoryboardName = LaunchScreen;
				INFOPLIST_KEY_UIMainStoryboardFile = Main;
				INFOPLIST_KEY_UISupportedInterfaceOrientations_iPad = "UIInterfaceOrientationPortrait UIInterfaceOrientationPortraitUpsideDown UIInterfaceOrientationLandscapeLeft UIInterfaceOrientationLandscapeRight";
				INFOPLIST_KEY_UISupportedInterfaceOrientations_iPhone = "UIInterfaceOrientationPortrait UIInterfaceOrientationLandscapeLeft UIInterfaceOrientationLandscapeRight";
				LD_RUNPATH_SEARCH_PATHS = (
					"$(inherited)",
					"@executable_path/Frameworks",
				);
				MARKETING_VERSION = 1.0;
				PRODUCT_BUNDLE_IDENTIFIER = kr.co.test.TodoList;
				PRODUCT_NAME = "$(TARGET_NAME)";
				SWIFT_EMIT_LOC_STRINGS = YES;
				SWIFT_VERSION = 5.0;
				TARGETED_DEVICE_FAMILY = "1,2";
			};
			name = Release;
		};
		DC397BF128B639E900E51317 /* Debug */ = {
			isa = XCBuildConfiguration;
			buildSettings = {
				ALWAYS_EMBED_SWIFT_STANDARD_LIBRARIES = YES;
				BUNDLE_LOADER = "$(TEST_HOST)";
				CODE_SIGN_STYLE = Automatic;
				CURRENT_PROJECT_VERSION = 1;
				GENERATE_INFOPLIST_FILE = YES;
				IPHONEOS_DEPLOYMENT_TARGET = 15.5;
				MARKETING_VERSION = 1.0;
				PRODUCT_BUNDLE_IDENTIFIER = kr.co.test.TodoListTests;
				PRODUCT_NAME = "$(TARGET_NAME)";
				SWIFT_EMIT_LOC_STRINGS = NO;
				SWIFT_VERSION = 5.0;
				TARGETED_DEVICE_FAMILY = "1,2";
				TEST_HOST = "$(BUILT_PRODUCTS_DIR)/TodoList.app/TodoList";
			};
			name = Debug;
		};
		DC397BF228B639E900E51317 /* Release */ = {
			isa = XCBuildConfiguration;
			buildSettings = {
				ALWAYS_EMBED_SWIFT_STANDARD_LIBRARIES = YES;
				BUNDLE_LOADER = "$(TEST_HOST)";
				CODE_SIGN_STYLE = Automatic;
				CURRENT_PROJECT_VERSION = 1;
				GENERATE_INFOPLIST_FILE = YES;
				IPHONEOS_DEPLOYMENT_TARGET = 15.5;
				MARKETING_VERSION = 1.0;
				PRODUCT_BUNDLE_IDENTIFIER = kr.co.test.TodoListTests;
				PRODUCT_NAME = "$(TARGET_NAME)";
				SWIFT_EMIT_LOC_STRINGS = NO;
				SWIFT_VERSION = 5.0;
				TARGETED_DEVICE_FAMILY = "1,2";
				TEST_HOST = "$(BUILT_PRODUCTS_DIR)/TodoList.app/TodoList";
			};
			name = Release;
		};
		DC397BF428B639E900E51317 /* Debug */ = {
			isa = XCBuildConfiguration;
			buildSettings = {
				ALWAYS_EMBED_SWIFT_STANDARD_LIBRARIES = YES;
				CODE_SIGN_STYLE = Automatic;
				CURRENT_PROJECT_VERSION = 1;
				GENERATE_INFOPLIST_FILE = YES;
				MARKETING_VERSION = 1.0;
				PRODUCT_BUNDLE_IDENTIFIER = kr.co.test.TodoListUITests;
				PRODUCT_NAME = "$(TARGET_NAME)";
				SWIFT_EMIT_LOC_STRINGS = NO;
				SWIFT_VERSION = 5.0;
				TARGETED_DEVICE_FAMILY = "1,2";
				TEST_TARGET_NAME = TodoList;
			};
			name = Debug;
		};
		DC397BF528B639E900E51317 /* Release */ = {
			isa = XCBuildConfiguration;
			buildSettings = {
				ALWAYS_EMBED_SWIFT_STANDARD_LIBRARIES = YES;
				CODE_SIGN_STYLE = Automatic;
				CURRENT_PROJECT_VERSION = 1;
				GENERATE_INFOPLIST_FILE = YES;
				MARKETING_VERSION = 1.0;
				PRODUCT_BUNDLE_IDENTIFIER = kr.co.test.TodoListUITests;
				PRODUCT_NAME = "$(TARGET_NAME)";
				SWIFT_EMIT_LOC_STRINGS = NO;
				SWIFT_VERSION = 5.0;
				TARGETED_DEVICE_FAMILY = "1,2";
				TEST_TARGET_NAME = TodoList;
			};
			name = Release;
		};
/* End XCBuildConfiguration section */

/* Begin XCConfigurationList section */
		DC397BBB28B639E800E51317 /* Build configuration list for PBXProject "TodoList" */ = {
			isa = XCConfigurationList;
			buildConfigurations = (
				DC397BEB28B639E900E51317 /* Debug */,
				DC397BEC28B639E900E51317 /* Release */,
			);
			defaultConfigurationIsVisible = 0;
			defaultConfigurationName = Release;
		};
		DC397BED28B639E900E51317 /* Build configuration list for PBXNativeTarget "TodoList" */ = {
			isa = XCConfigurationList;
			buildConfigurations = (
				DC397BEE28B639E900E51317 /* Debug */,
				DC397BEF28B639E900E51317 /* Release */,
			);
			defaultConfigurationIsVisible = 0;
			defaultConfigurationName = Release;
		};
		DC397BF028B639E900E51317 /* Build configuration list for PBXNativeTarget "TodoListTests" */ = {
			isa = XCConfigurationList;
			buildConfigurations = (
				DC397BF128B639E900E51317 /* Debug */,
				DC397BF228B639E900E51317 /* Release */,
			);
			defaultConfigurationIsVisible = 0;
			defaultConfigurationName = Release;
		};
		DC397BF328B639E900E51317 /* Build configuration list for PBXNativeTarget "TodoListUITests" */ = {
			isa = XCConfigurationList;
			buildConfigurations = (
				DC397BF428B639E900E51317 /* Debug */,
				DC397BF528B639E900E51317 /* Release */,
			);
			defaultConfigurationIsVisible = 0;
			defaultConfigurationName = Release;
		};
/* End XCConfigurationList section */

/* Begin XCVersionGroup section */
		DC397BCC28B639E800E51317 /* TodoList.xcdatamodeld */ = {
			isa = XCVersionGroup;
			children = (
				DC397BCD28B639E800E51317 /* TodoList.xcdatamodel */,
			);
			currentVersion = DC397BCD28B639E800E51317 /* TodoList.xcdatamodel */;
			path = TodoList.xcdatamodeld;
			sourceTree = "<group>";
			versionGroupType = wrapper.xcdatamodel;
		};
/* End XCVersionGroup section */
	};
	rootObject = DC397BB828B639E800E51317 /* Project object */;
}
