// !$*UTF8*$!
{
	archiveVersion = 1;
	classes = {
	};
	objectVersion = 55;
	objects = {

/* Begin PBXBuildFile section */
		DC0AF03A28AE28260004C484 /* MyIDViewController.swift in Sources */ = {isa = PBXBuildFile; fileRef = DC0AF03828AE28260004C484 /* MyIDViewController.swift */; };
		DC0AF03B28AE28260004C484 /* MyIDViewController.xib in Resources */ = {isa = PBXBuildFile; fileRef = DC0AF03928AE28260004C484 /* MyIDViewController.xib */; };
		DCA6FCAE28AD1DD300B0D901 /* SettingModel.swift in Sources */ = {isa = PBXBuildFile; fileRef = DCA6FCAD28AD1DD300B0D901 /* SettingModel.swift */; };
		DCAFAE0028AA700B009CE9D8 /* AppDelegate.swift in Sources */ = {isa = PBXBuildFile; fileRef = DCAFADFF28AA700B009CE9D8 /* AppDelegate.swift */; };
		DCAFAE0228AA700B009CE9D8 /* SceneDelegate.swift in Sources */ = {isa = PBXBuildFile; fileRef = DCAFAE0128AA700B009CE9D8 /* SceneDelegate.swift */; };
		DCAFAE0428AA700B009CE9D8 /* ViewController.swift in Sources */ = {isa = PBXBuildFile; fileRef = DCAFAE0328AA700B009CE9D8 /* ViewController.swift */; };
		DCAFAE0728AA700B009CE9D8 /* Main.storyboard in Resources */ = {isa = PBXBuildFile; fileRef = DCAFAE0528AA700B009CE9D8 /* Main.storyboard */; };
		DCAFAE0928AA700C009CE9D8 /* Assets.xcassets in Resources */ = {isa = PBXBuildFile; fileRef = DCAFAE0828AA700C009CE9D8 /* Assets.xcassets */; };
		DCAFAE0C28AA700C009CE9D8 /* LaunchScreen.storyboard in Resources */ = {isa = PBXBuildFile; fileRef = DCAFAE0A28AA700C009CE9D8 /* LaunchScreen.storyboard */; };
		DCAFAE1728AA700C009CE9D8 /* Setting_Clone_AppTests.swift in Sources */ = {isa = PBXBuildFile; fileRef = DCAFAE1628AA700C009CE9D8 /* Setting_Clone_AppTests.swift */; };
		DCAFAE2128AA700C009CE9D8 /* Setting_Clone_AppUITests.swift in Sources */ = {isa = PBXBuildFile; fileRef = DCAFAE2028AA700C009CE9D8 /* Setting_Clone_AppUITests.swift */; };
		DCAFAE2328AA700C009CE9D8 /* Setting_Clone_AppUITestsLaunchTests.swift in Sources */ = {isa = PBXBuildFile; fileRef = DCAFAE2228AA700C009CE9D8 /* Setting_Clone_AppUITestsLaunchTests.swift */; };
		DCAFAE3128AA77C1009CE9D8 /* ProfileCell.swift in Sources */ = {isa = PBXBuildFile; fileRef = DCAFAE2F28AA77C1009CE9D8 /* ProfileCell.swift */; };
		DCAFAE3228AA77C1009CE9D8 /* ProfileCell.xib in Resources */ = {isa = PBXBuildFile; fileRef = DCAFAE3028AA77C1009CE9D8 /* ProfileCell.xib */; };
		DCAFAE3528AA8413009CE9D8 /* MenuCell.swift in Sources */ = {isa = PBXBuildFile; fileRef = DCAFAE3328AA8413009CE9D8 /* MenuCell.swift */; };
		DCAFAE3628AA8413009CE9D8 /* MenuCell.xib in Resources */ = {isa = PBXBuildFile; fileRef = DCAFAE3428AA8413009CE9D8 /* MenuCell.xib */; };
		DCF441F628ADED11007BBFCB /* GeneralViewController.swift in Sources */ = {isa = PBXBuildFile; fileRef = DCF441F528ADED11007BBFCB /* GeneralViewController.swift */; };
		DCF441F828ADED65007BBFCB /* GeneralViewController.storyboard in Resources */ = {isa = PBXBuildFile; fileRef = DCF441F728ADED65007BBFCB /* GeneralViewController.storyboard */; };
/* End PBXBuildFile section */

/* Begin PBXContainerItemProxy section */
		DCAFAE1328AA700C009CE9D8 /* PBXContainerItemProxy */ = {
			isa = PBXContainerItemProxy;
			containerPortal = DCAFADF428AA700B009CE9D8 /* Project object */;
			proxyType = 1;
			remoteGlobalIDString = DCAFADFB28AA700B009CE9D8;
			remoteInfo = Setting_Clone_App;
		};
		DCAFAE1D28AA700C009CE9D8 /* PBXContainerItemProxy */ = {
			isa = PBXContainerItemProxy;
			containerPortal = DCAFADF428AA700B009CE9D8 /* Project object */;
			proxyType = 1;
			remoteGlobalIDString = DCAFADFB28AA700B009CE9D8;
			remoteInfo = Setting_Clone_App;
		};
/* End PBXContainerItemProxy section */

/* Begin PBXFileReference section */
		DC0AF03828AE28260004C484 /* MyIDViewController.swift */ = {isa = PBXFileReference; lastKnownFileType = sourcecode.swift; path = MyIDViewController.swift; sourceTree = "<group>"; };
		DC0AF03928AE28260004C484 /* MyIDViewController.xib */ = {isa = PBXFileReference; lastKnownFileType = file.xib; path = MyIDViewController.xib; sourceTree = "<group>"; };
		DCA6FCAD28AD1DD300B0D901 /* SettingModel.swift */ = {isa = PBXFileReference; lastKnownFileType = sourcecode.swift; path = SettingModel.swift; sourceTree = "<group>"; };
		DCAFADFC28AA700B009CE9D8 /* Setting_Clone_App.app */ = {isa = PBXFileReference; explicitFileType = wrapper.application; includeInIndex = 0; path = Setting_Clone_App.app; sourceTree = BUILT_PRODUCTS_DIR; };
		DCAFADFF28AA700B009CE9D8 /* AppDelegate.swift */ = {isa = PBXFileReference; lastKnownFileType = sourcecode.swift; path = AppDelegate.swift; sourceTree = "<group>"; };
		DCAFAE0128AA700B009CE9D8 /* SceneDelegate.swift */ = {isa = PBXFileReference; lastKnownFileType = sourcecode.swift; path = SceneDelegate.swift; sourceTree = "<group>"; };
		DCAFAE0328AA700B009CE9D8 /* ViewController.swift */ = {isa = PBXFileReference; lastKnownFileType = sourcecode.swift; path = ViewController.swift; sourceTree = "<group>"; };
		DCAFAE0628AA700B009CE9D8 /* Base */ = {isa = PBXFileReference; lastKnownFileType = file.storyboard; name = Base; path = Base.lproj/Main.storyboard; sourceTree = "<group>"; };
		DCAFAE0828AA700C009CE9D8 /* Assets.xcassets */ = {isa = PBXFileReference; lastKnownFileType = folder.assetcatalog; path = Assets.xcassets; sourceTree = "<group>"; };
		DCAFAE0B28AA700C009CE9D8 /* Base */ = {isa = PBXFileReference; lastKnownFileType = file.storyboard; name = Base; path = Base.lproj/LaunchScreen.storyboard; sourceTree = "<group>"; };
		DCAFAE0D28AA700C009CE9D8 /* Info.plist */ = {isa = PBXFileReference; lastKnownFileType = text.plist.xml; path = Info.plist; sourceTree = "<group>"; };
		DCAFAE1228AA700C009CE9D8 /* Setting_Clone_AppTests.xctest */ = {isa = PBXFileReference; explicitFileType = wrapper.cfbundle; includeInIndex = 0; path = Setting_Clone_AppTests.xctest; sourceTree = BUILT_PRODUCTS_DIR; };
		DCAFAE1628AA700C009CE9D8 /* Setting_Clone_AppTests.swift */ = {isa = PBXFileReference; lastKnownFileType = sourcecode.swift; path = Setting_Clone_AppTests.swift; sourceTree = "<group>"; };
		DCAFAE1C28AA700C009CE9D8 /* Setting_Clone_AppUITests.xctest */ = {isa = PBXFileReference; explicitFileType = wrapper.cfbundle; includeInIndex = 0; path = Setting_Clone_AppUITests.xctest; sourceTree = BUILT_PRODUCTS_DIR; };
		DCAFAE2028AA700C009CE9D8 /* Setting_Clone_AppUITests.swift */ = {isa = PBXFileReference; lastKnownFileType = sourcecode.swift; path = Setting_Clone_AppUITests.swift; sourceTree = "<group>"; };
		DCAFAE2228AA700C009CE9D8 /* Setting_Clone_AppUITestsLaunchTests.swift */ = {isa = PBXFileReference; lastKnownFileType = sourcecode.swift; path = Setting_Clone_AppUITestsLaunchTests.swift; sourceTree = "<group>"; };
		DCAFAE2F28AA77C1009CE9D8 /* ProfileCell.swift */ = {isa = PBXFileReference; lastKnownFileType = sourcecode.swift; path = ProfileCell.swift; sourceTree = "<group>"; };
		DCAFAE3028AA77C1009CE9D8 /* ProfileCell.xib */ = {isa = PBXFileReference; lastKnownFileType = file.xib; path = ProfileCell.xib; sourceTree = "<group>"; };
		DCAFAE3328AA8413009CE9D8 /* MenuCell.swift */ = {isa = PBXFileReference; lastKnownFileType = sourcecode.swift; path = MenuCell.swift; sourceTree = "<group>"; };
		DCAFAE3428AA8413009CE9D8 /* MenuCell.xib */ = {isa = PBXFileReference; lastKnownFileType = file.xib; path = MenuCell.xib; sourceTree = "<group>"; };
		DCF441F528ADED11007BBFCB /* GeneralViewController.swift */ = {isa = PBXFileReference; lastKnownFileType = sourcecode.swift; path = GeneralViewController.swift; sourceTree = "<group>"; };
		DCF441F728ADED65007BBFCB /* GeneralViewController.storyboard */ = {isa = PBXFileReference; lastKnownFileType = file.storyboard; path = GeneralViewController.storyboard; sourceTree = "<group>"; };
/* End PBXFileReference section */

/* Begin PBXFrameworksBuildPhase section */
		DCAFADF928AA700B009CE9D8 /* Frameworks */ = {
			isa = PBXFrameworksBuildPhase;
			buildActionMask = 2147483647;
			files = (
			);
			runOnlyForDeploymentPostprocessing = 0;
		};
		DCAFAE0F28AA700C009CE9D8 /* Frameworks */ = {
			isa = PBXFrameworksBuildPhase;
			buildActionMask = 2147483647;
			files = (
			);
			runOnlyForDeploymentPostprocessing = 0;
		};
		DCAFAE1928AA700C009CE9D8 /* Frameworks */ = {
			isa = PBXFrameworksBuildPhase;
			buildActionMask = 2147483647;
			files = (
			);
			runOnlyForDeploymentPostprocessing = 0;
		};
/* End PBXFrameworksBuildPhase section */

/* Begin PBXGroup section */
		DCAFADF328AA700B009CE9D8 = {
			isa = PBXGroup;
			children = (
				DCAFADFE28AA700B009CE9D8 /* Setting_Clone_App */,
				DCAFAE1528AA700C009CE9D8 /* Setting_Clone_AppTests */,
				DCAFAE1F28AA700C009CE9D8 /* Setting_Clone_AppUITests */,
				DCAFADFD28AA700B009CE9D8 /* Products */,
			);
			sourceTree = "<group>";
		};
		DCAFADFD28AA700B009CE9D8 /* Products */ = {
			isa = PBXGroup;
			children = (
				DCAFADFC28AA700B009CE9D8 /* Setting_Clone_App.app */,
				DCAFAE1228AA700C009CE9D8 /* Setting_Clone_AppTests.xctest */,
				DCAFAE1C28AA700C009CE9D8 /* Setting_Clone_AppUITests.xctest */,
			);
			name = Products;
			sourceTree = "<group>";
		};
		DCAFADFE28AA700B009CE9D8 /* Setting_Clone_App */ = {
			isa = PBXGroup;
			children = (
				DCAFADFF28AA700B009CE9D8 /* AppDelegate.swift */,
				DCAFAE0128AA700B009CE9D8 /* SceneDelegate.swift */,
				DCAFAE0328AA700B009CE9D8 /* ViewController.swift */,
				DCF441F528ADED11007BBFCB /* GeneralViewController.swift */,
				DCF441F728ADED65007BBFCB /* GeneralViewController.storyboard */,
				DCA6FCAD28AD1DD300B0D901 /* SettingModel.swift */,
				DCAFAE3328AA8413009CE9D8 /* MenuCell.swift */,
				DCAFAE3428AA8413009CE9D8 /* MenuCell.xib */,
				DCAFAE2F28AA77C1009CE9D8 /* ProfileCell.swift */,
				DCAFAE3028AA77C1009CE9D8 /* ProfileCell.xib */,
				DCAFAE0528AA700B009CE9D8 /* Main.storyboard */,
				DCAFAE0828AA700C009CE9D8 /* Assets.xcassets */,
				DCAFAE0A28AA700C009CE9D8 /* LaunchScreen.storyboard */,
				DC0AF03828AE28260004C484 /* MyIDViewController.swift */,
				DC0AF03928AE28260004C484 /* MyIDViewController.xib */,
				DCAFAE0D28AA700C009CE9D8 /* Info.plist */,
			);
			path = Setting_Clone_App;
			sourceTree = "<group>";
		};
		DCAFAE1528AA700C009CE9D8 /* Setting_Clone_AppTests */ = {
			isa = PBXGroup;
			children = (
				DCAFAE1628AA700C009CE9D8 /* Setting_Clone_AppTests.swift */,
			);
			path = Setting_Clone_AppTests;
			sourceTree = "<group>";
		};
		DCAFAE1F28AA700C009CE9D8 /* Setting_Clone_AppUITests */ = {
			isa = PBXGroup;
			children = (
				DCAFAE2028AA700C009CE9D8 /* Setting_Clone_AppUITests.swift */,
				DCAFAE2228AA700C009CE9D8 /* Setting_Clone_AppUITestsLaunchTests.swift */,
			);
			path = Setting_Clone_AppUITests;
			sourceTree = "<group>";
		};
/* End PBXGroup section */

/* Begin PBXNativeTarget section */
		DCAFADFB28AA700B009CE9D8 /* Setting_Clone_App */ = {
			isa = PBXNativeTarget;
			buildConfigurationList = DCAFAE2628AA700C009CE9D8 /* Build configuration list for PBXNativeTarget "Setting_Clone_App" */;
			buildPhases = (
				DCAFADF828AA700B009CE9D8 /* Sources */,
				DCAFADF928AA700B009CE9D8 /* Frameworks */,
				DCAFADFA28AA700B009CE9D8 /* Resources */,
			);
			buildRules = (
			);
			dependencies = (
			);
			name = Setting_Clone_App;
			productName = Setting_Clone_App;
			productReference = DCAFADFC28AA700B009CE9D8 /* Setting_Clone_App.app */;
			productType = "com.apple.product-type.application";
		};
		DCAFAE1128AA700C009CE9D8 /* Setting_Clone_AppTests */ = {
			isa = PBXNativeTarget;
			buildConfigurationList = DCAFAE2928AA700C009CE9D8 /* Build configuration list for PBXNativeTarget "Setting_Clone_AppTests" */;
			buildPhases = (
				DCAFAE0E28AA700C009CE9D8 /* Sources */,
				DCAFAE0F28AA700C009CE9D8 /* Frameworks */,
				DCAFAE1028AA700C009CE9D8 /* Resources */,
			);
			buildRules = (
			);
			dependencies = (
				DCAFAE1428AA700C009CE9D8 /* PBXTargetDependency */,
			);
			name = Setting_Clone_AppTests;
			productName = Setting_Clone_AppTests;
			productReference = DCAFAE1228AA700C009CE9D8 /* Setting_Clone_AppTests.xctest */;
			productType = "com.apple.product-type.bundle.unit-test";
		};
		DCAFAE1B28AA700C009CE9D8 /* Setting_Clone_AppUITests */ = {
			isa = PBXNativeTarget;
			buildConfigurationList = DCAFAE2C28AA700C009CE9D8 /* Build configuration list for PBXNativeTarget "Setting_Clone_AppUITests" */;
			buildPhases = (
				DCAFAE1828AA700C009CE9D8 /* Sources */,
				DCAFAE1928AA700C009CE9D8 /* Frameworks */,
				DCAFAE1A28AA700C009CE9D8 /* Resources */,
			);
			buildRules = (
			);
			dependencies = (
				DCAFAE1E28AA700C009CE9D8 /* PBXTargetDependency */,
			);
			name = Setting_Clone_AppUITests;
			productName = Setting_Clone_AppUITests;
			productReference = DCAFAE1C28AA700C009CE9D8 /* Setting_Clone_AppUITests.xctest */;
			productType = "com.apple.product-type.bundle.ui-testing";
		};
/* End PBXNativeTarget section */

/* Begin PBXProject section */
		DCAFADF428AA700B009CE9D8 /* Project object */ = {
			isa = PBXProject;
			attributes = {
				BuildIndependentTargetsInParallel = 1;
				LastSwiftUpdateCheck = 1340;
				LastUpgradeCheck = 1340;
				TargetAttributes = {
					DCAFADFB28AA700B009CE9D8 = {
						CreatedOnToolsVersion = 13.4.1;
					};
					DCAFAE1128AA700C009CE9D8 = {
						CreatedOnToolsVersion = 13.4.1;
						TestTargetID = DCAFADFB28AA700B009CE9D8;
					};
					DCAFAE1B28AA700C009CE9D8 = {
						CreatedOnToolsVersion = 13.4.1;
						TestTargetID = DCAFADFB28AA700B009CE9D8;
					};
				};
			};
			buildConfigurationList = DCAFADF728AA700B009CE9D8 /* Build configuration list for PBXProject "Setting_Clone_App" */;
			compatibilityVersion = "Xcode 13.0";
			developmentRegion = en;
			hasScannedForEncodings = 0;
			knownRegions = (
				en,
				Base,
			);
			mainGroup = DCAFADF328AA700B009CE9D8;
			productRefGroup = DCAFADFD28AA700B009CE9D8 /* Products */;
			projectDirPath = "";
			projectRoot = "";
			targets = (
				DCAFADFB28AA700B009CE9D8 /* Setting_Clone_App */,
				DCAFAE1128AA700C009CE9D8 /* Setting_Clone_AppTests */,
				DCAFAE1B28AA700C009CE9D8 /* Setting_Clone_AppUITests */,
			);
		};
/* End PBXProject section */

/* Begin PBXResourcesBuildPhase section */
		DCAFADFA28AA700B009CE9D8 /* Resources */ = {
			isa = PBXResourcesBuildPhase;
			buildActionMask = 2147483647;
			files = (
				DCF441F828ADED65007BBFCB /* GeneralViewController.storyboard in Resources */,
				DCAFAE0C28AA700C009CE9D8 /* LaunchScreen.storyboard in Resources */,
				DCAFAE3228AA77C1009CE9D8 /* ProfileCell.xib in Resources */,
				DCAFAE3628AA8413009CE9D8 /* MenuCell.xib in Resources */,
				DC0AF03B28AE28260004C484 /* MyIDViewController.xib in Resources */,
				DCAFAE0928AA700C009CE9D8 /* Assets.xcassets in Resources */,
				DCAFAE0728AA700B009CE9D8 /* Main.storyboard in Resources */,
			);
			runOnlyForDeploymentPostprocessing = 0;
		};
		DCAFAE1028AA700C009CE9D8 /* Resources */ = {
			isa = PBXResourcesBuildPhase;
			buildActionMask = 2147483647;
			files = (
			);
			runOnlyForDeploymentPostprocessing = 0;
		};
		DCAFAE1A28AA700C009CE9D8 /* Resources */ = {
			isa = PBXResourcesBuildPhase;
			buildActionMask = 2147483647;
			files = (
			);
			runOnlyForDeploymentPostprocessing = 0;
		};
/* End PBXResourcesBuildPhase section */

/* Begin PBXSourcesBuildPhase section */
		DCAFADF828AA700B009CE9D8 /* Sources */ = {
			isa = PBXSourcesBuildPhase;
			buildActionMask = 2147483647;
			files = (
				DCAFAE0428AA700B009CE9D8 /* ViewController.swift in Sources */,
				DCF441F628ADED11007BBFCB /* GeneralViewController.swift in Sources */,
				DCAFAE3528AA8413009CE9D8 /* MenuCell.swift in Sources */,
				DCA6FCAE28AD1DD300B0D901 /* SettingModel.swift in Sources */,
				DCAFAE3128AA77C1009CE9D8 /* ProfileCell.swift in Sources */,
				DC0AF03A28AE28260004C484 /* MyIDViewController.swift in Sources */,
				DCAFAE0028AA700B009CE9D8 /* AppDelegate.swift in Sources */,
				DCAFAE0228AA700B009CE9D8 /* SceneDelegate.swift in Sources */,
			);
			runOnlyForDeploymentPostprocessing = 0;
		};
		DCAFAE0E28AA700C009CE9D8 /* Sources */ = {
			isa = PBXSourcesBuildPhase;
			buildActionMask = 2147483647;
			files = (
				DCAFAE1728AA700C009CE9D8 /* Setting_Clone_AppTests.swift in Sources */,
			);
			runOnlyForDeploymentPostprocessing = 0;
		};
		DCAFAE1828AA700C009CE9D8 /* Sources */ = {
			isa = PBXSourcesBuildPhase;
			buildActionMask = 2147483647;
			files = (
				DCAFAE2128AA700C009CE9D8 /* Setting_Clone_AppUITests.swift in Sources */,
				DCAFAE2328AA700C009CE9D8 /* Setting_Clone_AppUITestsLaunchTests.swift in Sources */,
			);
			runOnlyForDeploymentPostprocessing = 0;
		};
/* End PBXSourcesBuildPhase section */

/* Begin PBXTargetDependency section */
		DCAFAE1428AA700C009CE9D8 /* PBXTargetDependency */ = {
			isa = PBXTargetDependency;
			target = DCAFADFB28AA700B009CE9D8 /* Setting_Clone_App */;
			targetProxy = DCAFAE1328AA700C009CE9D8 /* PBXContainerItemProxy */;
		};
		DCAFAE1E28AA700C009CE9D8 /* PBXTargetDependency */ = {
			isa = PBXTargetDependency;
			target = DCAFADFB28AA700B009CE9D8 /* Setting_Clone_App */;
			targetProxy = DCAFAE1D28AA700C009CE9D8 /* PBXContainerItemProxy */;
		};
/* End PBXTargetDependency section */

/* Begin PBXVariantGroup section */
		DCAFAE0528AA700B009CE9D8 /* Main.storyboard */ = {
			isa = PBXVariantGroup;
			children = (
				DCAFAE0628AA700B009CE9D8 /* Base */,
			);
			name = Main.storyboard;
			sourceTree = "<group>";
		};
		DCAFAE0A28AA700C009CE9D8 /* LaunchScreen.storyboard */ = {
			isa = PBXVariantGroup;
			children = (
				DCAFAE0B28AA700C009CE9D8 /* Base */,
			);
			name = LaunchScreen.storyboard;
			sourceTree = "<group>";
		};
/* End PBXVariantGroup section */

/* Begin XCBuildConfiguration section */
		DCAFAE2428AA700C009CE9D8 /* Debug */ = {
			isa = XCBuildConfiguration;
			buildSettings = {
				ALWAYS_SEARCH_USER_PATHS = NO;
				CLANG_ANALYZER_NONNULL = YES;
				CLANG_ANALYZER_NUMBER_OBJECT_CONVERSION = YES_AGGRESSIVE;
				CLANG_CXX_LANGUAGE_STANDARD = "gnu++17";
				CLANG_ENABLE_MODULES = YES;
				CLANG_ENABLE_OBJC_ARC = YES;
				CLANG_ENABLE_OBJC_WEAK = YES;
				CLANG_WARN_BLOCK_CAPTURE_AUTORELEASING = YES;
				CLANG_WARN_BOOL_CONVERSION = YES;
				CLANG_WARN_COMMA = YES;
				CLANG_WARN_CONSTANT_CONVERSION = YES;
				CLANG_WARN_DEPRECATED_OBJC_IMPLEMENTATIONS = YES;
				CLANG_WARN_DIRECT_OBJC_ISA_USAGE = YES_ERROR;
				CLANG_WARN_DOCUMENTATION_COMMENTS = YES;
				CLANG_WARN_EMPTY_BODY = YES;
				CLANG_WARN_ENUM_CONVERSION = YES;
				CLANG_WARN_INFINITE_RECURSION = YES;
				CLANG_WARN_INT_CONVERSION = YES;
				CLANG_WARN_NON_LITERAL_NULL_CONVERSION = YES;
				CLANG_WARN_OBJC_IMPLICIT_RETAIN_SELF = YES;
				CLANG_WARN_OBJC_LITERAL_CONVERSION = YES;
				CLANG_WARN_OBJC_ROOT_CLASS = YES_ERROR;
				CLANG_WARN_QUOTED_INCLUDE_IN_FRAMEWORK_HEADER = YES;
				CLANG_WARN_RANGE_LOOP_ANALYSIS = YES;
				CLANG_WARN_STRICT_PROTOTYPES = YES;
				CLANG_WARN_SUSPICIOUS_MOVE = YES;
				CLANG_WARN_UNGUARDED_AVAILABILITY = YES_AGGRESSIVE;
				CLANG_WARN_UNREACHABLE_CODE = YES;
				CLANG_WARN__DUPLICATE_METHOD_MATCH = YES;
				COPY_PHASE_STRIP = NO;
				DEBUG_INFORMATION_FORMAT = dwarf;
				ENABLE_STRICT_OBJC_MSGSEND = YES;
				ENABLE_TESTABILITY = YES;
				GCC_C_LANGUAGE_STANDARD = gnu11;
				GCC_DYNAMIC_NO_PIC = NO;
				GCC_NO_COMMON_BLOCKS = YES;
				GCC_OPTIMIZATION_LEVEL = 0;
				GCC_PREPROCESSOR_DEFINITIONS = (
					"DEBUG=1",
					"$(inherited)",
				);
				GCC_WARN_64_TO_32_BIT_CONVERSION = YES;
				GCC_WARN_ABOUT_RETURN_TYPE = YES_ERROR;
				GCC_WARN_UNDECLARED_SELECTOR = YES;
				GCC_WARN_UNINITIALIZED_AUTOS = YES_AGGRESSIVE;
				GCC_WARN_UNUSED_FUNCTION = YES;
				GCC_WARN_UNUSED_VARIABLE = YES;
				IPHONEOS_DEPLOYMENT_TARGET = 15.5;
				MTL_ENABLE_DEBUG_INFO = INCLUDE_SOURCE;
				MTL_FAST_MATH = YES;
				ONLY_ACTIVE_ARCH = YES;
				SDKROOT = iphoneos;
				SWIFT_ACTIVE_COMPILATION_CONDITIONS = DEBUG;
				SWIFT_OPTIMIZATION_LEVEL = "-Onone";
			};
			name = Debug;
		};
		DCAFAE2528AA700C009CE9D8 /* Release */ = {
			isa = XCBuildConfiguration;
			buildSettings = {
				ALWAYS_SEARCH_USER_PATHS = NO;
				CLANG_ANALYZER_NONNULL = YES;
				CLANG_ANALYZER_NUMBER_OBJECT_CONVERSION = YES_AGGRESSIVE;
				CLANG_CXX_LANGUAGE_STANDARD = "gnu++17";
				CLANG_ENABLE_MODULES = YES;
				CLANG_ENABLE_OBJC_ARC = YES;
				CLANG_ENABLE_OBJC_WEAK = YES;
				CLANG_WARN_BLOCK_CAPTURE_AUTORELEASING = YES;
				CLANG_WARN_BOOL_CONVERSION = YES;
				CLANG_WARN_COMMA = YES;
				CLANG_WARN_CONSTANT_CONVERSION = YES;
				CLANG_WARN_DEPRECATED_OBJC_IMPLEMENTATIONS = YES;
				CLANG_WARN_DIRECT_OBJC_ISA_USAGE = YES_ERROR;
				CLANG_WARN_DOCUMENTATION_COMMENTS = YES;
				CLANG_WARN_EMPTY_BODY = YES;
				CLANG_WARN_ENUM_CONVERSION = YES;
				CLANG_WARN_INFINITE_RECURSION = YES;
				CLANG_WARN_INT_CONVERSION = YES;
				CLANG_WARN_NON_LITERAL_NULL_CONVERSION = YES;
				CLANG_WARN_OBJC_IMPLICIT_RETAIN_SELF = YES;
				CLANG_WARN_OBJC_LITERAL_CONVERSION = YES;
				CLANG_WARN_OBJC_ROOT_CLASS = YES_ERROR;
				CLANG_WARN_QUOTED_INCLUDE_IN_FRAMEWORK_HEADER = YES;
				CLANG_WARN_RANGE_LOOP_ANALYSIS = YES;
				CLANG_WARN_STRICT_PROTOTYPES = YES;
				CLANG_WARN_SUSPICIOUS_MOVE = YES;
				CLANG_WARN_UNGUARDED_AVAILABILITY = YES_AGGRESSIVE;
				CLANG_WARN_UNREACHABLE_CODE = YES;
				CLANG_WARN__DUPLICATE_METHOD_MATCH = YES;
				COPY_PHASE_STRIP = NO;
				DEBUG_INFORMATION_FORMAT = "dwarf-with-dsym";
				ENABLE_NS_ASSERTIONS = NO;
				ENABLE_STRICT_OBJC_MSGSEND = YES;
				GCC_C_LANGUAGE_STANDARD = gnu11;
				GCC_NO_COMMON_BLOCKS = YES;
				GCC_WARN_64_TO_32_BIT_CONVERSION = YES;
				GCC_WARN_ABOUT_RETURN_TYPE = YES_ERROR;
				GCC_WARN_UNDECLARED_SELECTOR = YES;
				GCC_WARN_UNINITIALIZED_AUTOS = YES_AGGRESSIVE;
				GCC_WARN_UNUSED_FUNCTION = YES;
				GCC_WARN_UNUSED_VARIABLE = YES;
				IPHONEOS_DEPLOYMENT_TARGET = 15.5;
				MTL_ENABLE_DEBUG_INFO = NO;
				MTL_FAST_MATH = YES;
				SDKROOT = iphoneos;
				SWIFT_COMPILATION_MODE = wholemodule;
				SWIFT_OPTIMIZATION_LEVEL = "-O";
				VALIDATE_PRODUCT = YES;
			};
			name = Release;
		};
		DCAFAE2728AA700C009CE9D8 /* Debug */ = {
			isa = XCBuildConfiguration;
			buildSettings = {
				ASSETCATALOG_COMPILER_APPICON_NAME = AppIcon;
				ASSETCATALOG_COMPILER_GLOBAL_ACCENT_COLOR_NAME = AccentColor;
				CODE_SIGN_STYLE = Automatic;
				CURRENT_PROJECT_VERSION = 1;
				DEVELOPMENT_TEAM = 87NQ3CPZUA;
				GENERATE_INFOPLIST_FILE = YES;
				INFOPLIST_FILE = Setting_Clone_App/Info.plist;
				INFOPLIST_KEY_UIApplicationSupportsIndirectInputEvents = YES;
				INFOPLIST_KEY_UILaunchStoryboardName = LaunchScreen;
				INFOPLIST_KEY_UIMainStoryboardFile = Main;
				INFOPLIST_KEY_UISupportedInterfaceOrientations_iPad = "UIInterfaceOrientationPortrait UIInterfaceOrientationPortraitUpsideDown UIInterfaceOrientationLandscapeLeft UIInterfaceOrientationLandscapeRight";
				INFOPLIST_KEY_UISupportedInterfaceOrientations_iPhone = "UIInterfaceOrientationPortrait UIInterfaceOrientationLandscapeLeft UIInterfaceOrientationLandscapeRight";
				LD_RUNPATH_SEARCH_PATHS = (
					"$(inherited)",
					"@executable_path/Frameworks",
				);
				MARKETING_VERSION = 1.0;
				PRODUCT_BUNDLE_IDENTIFIER = "kr.co.test.Setting-Clone-App";
				PRODUCT_NAME = "$(TARGET_NAME)";
				SWIFT_EMIT_LOC_STRINGS = YES;
				SWIFT_VERSION = 5.0;
				TARGETED_DEVICE_FAMILY = "1,2";
			};
			name = Debug;
		};
		DCAFAE2828AA700C009CE9D8 /* Release */ = {
			isa = XCBuildConfiguration;
			buildSettings = {
				ASSETCATALOG_COMPILER_APPICON_NAME = AppIcon;
				ASSETCATALOG_COMPILER_GLOBAL_ACCENT_COLOR_NAME = AccentColor;
				CODE_SIGN_STYLE = Automatic;
				CURRENT_PROJECT_VERSION = 1;
				DEVELOPMENT_TEAM = 87NQ3CPZUA;
				GENERATE_INFOPLIST_FILE = YES;
				INFOPLIST_FILE = Setting_Clone_App/Info.plist;
				INFOPLIST_KEY_UIApplicationSupportsIndirectInputEvents = YES;
				INFOPLIST_KEY_UILaunchStoryboardName = LaunchScreen;
				INFOPLIST_KEY_UIMainStoryboardFile = Main;
				INFOPLIST_KEY_UISupportedInterfaceOrientations_iPad = "UIInterfaceOrientationPortrait UIInterfaceOrientationPortraitUpsideDown UIInterfaceOrientationLandscapeLeft UIInterfaceOrientationLandscapeRight";
				INFOPLIST_KEY_UISupportedInterfaceOrientations_iPhone = "UIInterfaceOrientationPortrait UIInterfaceOrientationLandscapeLeft UIInterfaceOrientationLandscapeRight";
				LD_RUNPATH_SEARCH_PATHS = (
					"$(inherited)",
					"@executable_path/Frameworks",
				);
				MARKETING_VERSION = 1.0;
				PRODUCT_BUNDLE_IDENTIFIER = "kr.co.test.Setting-Clone-App";
				PRODUCT_NAME = "$(TARGET_NAME)";
				SWIFT_EMIT_LOC_STRINGS = YES;
				SWIFT_VERSION = 5.0;
				TARGETED_DEVICE_FAMILY = "1,2";
			};
			name = Release;
		};
		DCAFAE2A28AA700C009CE9D8 /* Debug */ = {
			isa = XCBuildConfiguration;
			buildSettings = {
				ALWAYS_EMBED_SWIFT_STANDARD_LIBRARIES = YES;
				BUNDLE_LOADER = "$(TEST_HOST)";
				CODE_SIGN_STYLE = Automatic;
				CURRENT_PROJECT_VERSION = 1;
				GENERATE_INFOPLIST_FILE = YES;
				IPHONEOS_DEPLOYMENT_TARGET = 15.5;
				MARKETING_VERSION = 1.0;
				PRODUCT_BUNDLE_IDENTIFIER = "kr.co.test.Setting-Clone-AppTests";
				PRODUCT_NAME = "$(TARGET_NAME)";
				SWIFT_EMIT_LOC_STRINGS = NO;
				SWIFT_VERSION = 5.0;
				TARGETED_DEVICE_FAMILY = "1,2";
				TEST_HOST = "$(BUILT_PRODUCTS_DIR)/Setting_Clone_App.app/Setting_Clone_App";
			};
			name = Debug;
		};
		DCAFAE2B28AA700C009CE9D8 /* Release */ = {
			isa = XCBuildConfiguration;
			buildSettings = {
				ALWAYS_EMBED_SWIFT_STANDARD_LIBRARIES = YES;
				BUNDLE_LOADER = "$(TEST_HOST)";
				CODE_SIGN_STYLE = Automatic;
				CURRENT_PROJECT_VERSION = 1;
				GENERATE_INFOPLIST_FILE = YES;
				IPHONEOS_DEPLOYMENT_TARGET = 15.5;
				MARKETING_VERSION = 1.0;
				PRODUCT_BUNDLE_IDENTIFIER = "kr.co.test.Setting-Clone-AppTests";
				PRODUCT_NAME = "$(TARGET_NAME)";
				SWIFT_EMIT_LOC_STRINGS = NO;
				SWIFT_VERSION = 5.0;
				TARGETED_DEVICE_FAMILY = "1,2";
				TEST_HOST = "$(BUILT_PRODUCTS_DIR)/Setting_Clone_App.app/Setting_Clone_App";
			};
			name = Release;
		};
		DCAFAE2D28AA700C009CE9D8 /* Debug */ = {
			isa = XCBuildConfiguration;
			buildSettings = {
				ALWAYS_EMBED_SWIFT_STANDARD_LIBRARIES = YES;
				CODE_SIGN_STYLE = Automatic;
				CURRENT_PROJECT_VERSION = 1;
				GENERATE_INFOPLIST_FILE = YES;
				MARKETING_VERSION = 1.0;
				PRODUCT_BUNDLE_IDENTIFIER = "kr.co.test.Setting-Clone-AppUITests";
				PRODUCT_NAME = "$(TARGET_NAME)";
				SWIFT_EMIT_LOC_STRINGS = NO;
				SWIFT_VERSION = 5.0;
				TARGETED_DEVICE_FAMILY = "1,2";
				TEST_TARGET_NAME = Setting_Clone_App;
			};
			name = Debug;
		};
		DCAFAE2E28AA700C009CE9D8 /* Release */ = {
			isa = XCBuildConfiguration;
			buildSettings = {
				ALWAYS_EMBED_SWIFT_STANDARD_LIBRARIES = YES;
				CODE_SIGN_STYLE = Automatic;
				CURRENT_PROJECT_VERSION = 1;
				GENERATE_INFOPLIST_FILE = YES;
				MARKETING_VERSION = 1.0;
				PRODUCT_BUNDLE_IDENTIFIER = "kr.co.test.Setting-Clone-AppUITests";
				PRODUCT_NAME = "$(TARGET_NAME)";
				SWIFT_EMIT_LOC_STRINGS = NO;
				SWIFT_VERSION = 5.0;
				TARGETED_DEVICE_FAMILY = "1,2";
				TEST_TARGET_NAME = Setting_Clone_App;
			};
			name = Release;
		};
/* End XCBuildConfiguration section */

/* Begin XCConfigurationList section */
		DCAFADF728AA700B009CE9D8 /* Build configuration list for PBXProject "Setting_Clone_App" */ = {
			isa = XCConfigurationList;
			buildConfigurations = (
				DCAFAE2428AA700C009CE9D8 /* Debug */,
				DCAFAE2528AA700C009CE9D8 /* Release */,
			);
			defaultConfigurationIsVisible = 0;
			defaultConfigurationName = Release;
		};
		DCAFAE2628AA700C009CE9D8 /* Build configuration list for PBXNativeTarget "Setting_Clone_App" */ = {
			isa = XCConfigurationList;
			buildConfigurations = (
				DCAFAE2728AA700C009CE9D8 /* Debug */,
				DCAFAE2828AA700C009CE9D8 /* Release */,
			);
			defaultConfigurationIsVisible = 0;
			defaultConfigurationName = Release;
		};
		DCAFAE2928AA700C009CE9D8 /* Build configuration list for PBXNativeTarget "Setting_Clone_AppTests" */ = {
			isa = XCConfigurationList;
			buildConfigurations = (
				DCAFAE2A28AA700C009CE9D8 /* Debug */,
				DCAFAE2B28AA700C009CE9D8 /* Release */,
			);
			defaultConfigurationIsVisible = 0;
			defaultConfigurationName = Release;
		};
		DCAFAE2C28AA700C009CE9D8 /* Build configuration list for PBXNativeTarget "Setting_Clone_AppUITests" */ = {
			isa = XCConfigurationList;
			buildConfigurations = (
				DCAFAE2D28AA700C009CE9D8 /* Debug */,
				DCAFAE2E28AA700C009CE9D8 /* Release */,
			);
			defaultConfigurationIsVisible = 0;
			defaultConfigurationName = Release;
		};
/* End XCConfigurationList section */
	};
	rootObject = DCAFADF428AA700B009CE9D8 /* Project object */;
}
